// !$*UTF8*$!
{
	archiveVersion = 1;
	classes = {
	};
	objectVersion = 46;
	objects = {

/* Begin PBXBuildFile section */
		D1983FB2D0C92874F4112505 /* Pods_AdvancedClassTeacher.framework in Frameworks */ = {isa = PBXBuildFile; fileRef = D7BCC1F8741C7E25C82D8AF5 /* Pods_AdvancedClassTeacher.framework */; settings = {ATTRIBUTES = (Weak, ); }; };
		F20A565C1B95836D00B8AAB0 /* ChartViewController.swift in Sources */ = {isa = PBXBuildFile; fileRef = F20A565B1B95836D00B8AAB0 /* ChartViewController.swift */; };
		F20A56611B95CF7500B8AAB0 /* KnowledgePointsTableViewController.swift in Sources */ = {isa = PBXBuildFile; fileRef = F20A56601B95CF7500B8AAB0 /* KnowledgePointsTableViewController.swift */; };
		F20A56631B96A76A00B8AAB0 /* RandomNumberTableViewController.swift in Sources */ = {isa = PBXBuildFile; fileRef = F20A56621B96A76A00B8AAB0 /* RandomNumberTableViewController.swift */; };
		F20A68821B81B400000BFF24 /* AppDelegate.swift in Sources */ = {isa = PBXBuildFile; fileRef = F20A68811B81B400000BFF24 /* AppDelegate.swift */; };
		F20A68871B81B400000BFF24 /* Main.storyboard in Resources */ = {isa = PBXBuildFile; fileRef = F20A68851B81B400000BFF24 /* Main.storyboard */; };
		F20A68891B81B400000BFF24 /* Images.xcassets in Resources */ = {isa = PBXBuildFile; fileRef = F20A68881B81B400000BFF24 /* Images.xcassets */; };
		F20A688C1B81B400000BFF24 /* LaunchScreen.xib in Resources */ = {isa = PBXBuildFile; fileRef = F20A688A1B81B400000BFF24 /* LaunchScreen.xib */; };
		F20A68981B81B400000BFF24 /* AdvancedClassTeacherTests.swift in Sources */ = {isa = PBXBuildFile; fileRef = F20A68971B81B400000BFF24 /* AdvancedClassTeacherTests.swift */; };
		F20A68AA1B81B478000BFF24 /* TeacherQuestionTableViewController.swift in Sources */ = {isa = PBXBuildFile; fileRef = F20A68A11B81B478000BFF24 /* TeacherQuestionTableViewController.swift */; };
		F20A68AE1B81B478000BFF24 /* TeacherPreTestViewController.swift in Sources */ = {isa = PBXBuildFile; fileRef = F20A68A51B81B478000BFF24 /* TeacherPreTestViewController.swift */; };
		F20A68AF1B81B478000BFF24 /* TeacherBrowseViewController.swift in Sources */ = {isa = PBXBuildFile; fileRef = F20A68A61B81B478000BFF24 /* TeacherBrowseViewController.swift */; };
		F20A68B11B81B478000BFF24 /* Question.swift in Sources */ = {isa = PBXBuildFile; fileRef = F20A68A81B81B478000BFF24 /* Question.swift */; };
		F21313C81B9A89E80088C483 /* TeacherTest.swift in Sources */ = {isa = PBXBuildFile; fileRef = F21313C61B9A89E80088C483 /* TeacherTest.swift */; };
		F21313CC1B9AC2090088C483 /* TeacherTestTableViewController.swift in Sources */ = {isa = PBXBuildFile; fileRef = F21313CB1B9AC2090088C483 /* TeacherTestTableViewController.swift */; };
		F21313CE1B9AE1280088C483 /* TeacherAuthenticationHelper.swift in Sources */ = {isa = PBXBuildFile; fileRef = F21313CD1B9AE1280088C483 /* TeacherAuthenticationHelper.swift */; };
		F21345EE1B9D456000D3BDBF /* TeacherCourse.swift in Sources */ = {isa = PBXBuildFile; fileRef = F21345ED1B9D456000D3BDBF /* TeacherCourse.swift */; };
		F21345F01B9D558000D3BDBF /* TeacherCourseTableViewController.swift in Sources */ = {isa = PBXBuildFile; fileRef = F21345EF1B9D558000D3BDBF /* TeacherCourseTableViewController.swift */; };
		F220E2781BB62BF300251C88 /* MBProgressHUD.m in Sources */ = {isa = PBXBuildFile; fileRef = F220E2771BB62BF300251C88 /* MBProgressHUD.m */; settings = {ASSET_TAGS = (); }; };
		F23EE3841BAA931700B75501 /* Seat.swift in Sources */ = {isa = PBXBuildFile; fileRef = F23EE3801BAA931700B75501 /* Seat.swift */; };
		F23EE3851BAA931700B75501 /* SeatButton.swift in Sources */ = {isa = PBXBuildFile; fileRef = F23EE3811BAA931700B75501 /* SeatButton.swift */; };
		F23EE3861BAA931700B75501 /* SeatView.swift in Sources */ = {isa = PBXBuildFile; fileRef = F23EE3821BAA931700B75501 /* SeatView.swift */; };
		F23EE3871BAA931700B75501 /* TeacherSeatHelper.swift in Sources */ = {isa = PBXBuildFile; fileRef = F23EE3831BAA931700B75501 /* TeacherSeatHelper.swift */; };
		F23EE3891BAA970200B75501 /* TeacherSeatViewController.swift in Sources */ = {isa = PBXBuildFile; fileRef = F23EE3881BAA970200B75501 /* TeacherSeatViewController.swift */; };
		F23EE38B1BAA970D00B75501 /* TeacherPreSeatViewController.swift in Sources */ = {isa = PBXBuildFile; fileRef = F23EE38A1BAA970D00B75501 /* TeacherPreSeatViewController.swift */; };
		F246DEB71B9BDA180058DEA6 /* TeacherTestHelper.swift in Sources */ = {isa = PBXBuildFile; fileRef = F246DEB61B9BDA180058DEA6 /* TeacherTestHelper.swift */; };
		F246DEB91B9BDAD00058DEA6 /* TeacherQuestionsInTestTableViewController.swift in Sources */ = {isa = PBXBuildFile; fileRef = F246DEB81B9BDAD00058DEA6 /* TeacherQuestionsInTestTableViewController.swift */; };
		F246DEBD1B9C63360058DEA6 /* Student.swift in Sources */ = {isa = PBXBuildFile; fileRef = F246DEBC1B9C63360058DEA6 /* Student.swift */; };
		F246DEC11B9C64A70058DEA6 /* Teacher.swift in Sources */ = {isa = PBXBuildFile; fileRef = F246DEC01B9C64A70058DEA6 /* Teacher.swift */; };
		F2534AFB1B96CD40000192E7 /* DateTimeHelper.swift in Sources */ = {isa = PBXBuildFile; fileRef = F2534AFA1B96CD40000192E7 /* DateTimeHelper.swift */; };
		F25B8DFD1B9D8B8D00A2587E /* TeacherStudentHelper.swift in Sources */ = {isa = PBXBuildFile; fileRef = F25B8DFC1B9D8B8D00A2587E /* TeacherStudentHelper.swift */; };
		F25B8E011B9D91A400A2587E /* TeacherCourseHelper.swift in Sources */ = {isa = PBXBuildFile; fileRef = F25B8E001B9D91A400A2587E /* TeacherCourseHelper.swift */; };
		F26456531B9B204700205B6C /* TeacherCreateTableViewController.swift in Sources */ = {isa = PBXBuildFile; fileRef = F26456521B9B204700205B6C /* TeacherCreateTableViewController.swift */; };
		F299579B1B81CBB20003B64C /* TestSettingsTableViewController.swift in Sources */ = {isa = PBXBuildFile; fileRef = F299579A1B81CBB20003B64C /* TestSettingsTableViewController.swift */; };
		F299579D1B81D8C70003B64C /* TestTimeLimitSettingsTableViewController.swift in Sources */ = {isa = PBXBuildFile; fileRef = F299579C1B81D8C70003B64C /* TestTimeLimitSettingsTableViewController.swift */; };
		F2D924331B9DDA99007A783D /* TeacherLoginViewController.swift in Sources */ = {isa = PBXBuildFile; fileRef = F2D924321B9DDA99007A783D /* TeacherLoginViewController.swift */; };
/* End PBXBuildFile section */

/* Begin PBXContainerItemProxy section */
		F20A68921B81B400000BFF24 /* PBXContainerItemProxy */ = {
			isa = PBXContainerItemProxy;
			containerPortal = F20A68741B81B400000BFF24 /* Project object */;
			proxyType = 1;
			remoteGlobalIDString = F20A687B1B81B400000BFF24;
			remoteInfo = AdvancedClassTeacher;
		};
/* End PBXContainerItemProxy section */

/* Begin PBXFileReference section */
		9C02F6862D7AB22141B4A362 /* Pods-AdvancedClassTeacher.debug.xcconfig */ = {isa = PBXFileReference; includeInIndex = 1; lastKnownFileType = text.xcconfig; name = "Pods-AdvancedClassTeacher.debug.xcconfig"; path = "Pods/Target Support Files/Pods-AdvancedClassTeacher/Pods-AdvancedClassTeacher.debug.xcconfig"; sourceTree = "<group>"; };
		D7BCC1F8741C7E25C82D8AF5 /* Pods_AdvancedClassTeacher.framework */ = {isa = PBXFileReference; explicitFileType = wrapper.framework; includeInIndex = 0; path = Pods_AdvancedClassTeacher.framework; sourceTree = BUILT_PRODUCTS_DIR; };
		D9FAF596A6DF4C84B66170C4 /* Pods-AdvancedClassTeacher.release.xcconfig */ = {isa = PBXFileReference; includeInIndex = 1; lastKnownFileType = text.xcconfig; name = "Pods-AdvancedClassTeacher.release.xcconfig"; path = "Pods/Target Support Files/Pods-AdvancedClassTeacher/Pods-AdvancedClassTeacher.release.xcconfig"; sourceTree = "<group>"; };
		F20A565B1B95836D00B8AAB0 /* ChartViewController.swift */ = {isa = PBXFileReference; fileEncoding = 4; lastKnownFileType = sourcecode.swift; path = ChartViewController.swift; sourceTree = "<group>"; };
		F20A56601B95CF7500B8AAB0 /* KnowledgePointsTableViewController.swift */ = {isa = PBXFileReference; fileEncoding = 4; lastKnownFileType = sourcecode.swift; path = KnowledgePointsTableViewController.swift; sourceTree = "<group>"; };
		F20A56621B96A76A00B8AAB0 /* RandomNumberTableViewController.swift */ = {isa = PBXFileReference; fileEncoding = 4; lastKnownFileType = sourcecode.swift; path = RandomNumberTableViewController.swift; sourceTree = "<group>"; };
		F20A687C1B81B400000BFF24 /* AdvancedClassTeacher.app */ = {isa = PBXFileReference; explicitFileType = wrapper.application; includeInIndex = 0; path = AdvancedClassTeacher.app; sourceTree = BUILT_PRODUCTS_DIR; };
		F20A68801B81B400000BFF24 /* Info.plist */ = {isa = PBXFileReference; lastKnownFileType = text.plist.xml; path = Info.plist; sourceTree = "<group>"; };
		F20A68811B81B400000BFF24 /* AppDelegate.swift */ = {isa = PBXFileReference; lastKnownFileType = sourcecode.swift; path = AppDelegate.swift; sourceTree = "<group>"; };
		F20A68861B81B400000BFF24 /* Base */ = {isa = PBXFileReference; lastKnownFileType = file.storyboard; name = Base; path = Base.lproj/Main.storyboard; sourceTree = "<group>"; };
		F20A68881B81B400000BFF24 /* Images.xcassets */ = {isa = PBXFileReference; lastKnownFileType = folder.assetcatalog; path = Images.xcassets; sourceTree = "<group>"; };
		F20A688B1B81B400000BFF24 /* Base */ = {isa = PBXFileReference; lastKnownFileType = file.xib; name = Base; path = Base.lproj/LaunchScreen.xib; sourceTree = "<group>"; };
		F20A68911B81B400000BFF24 /* AdvancedClassTeacherTests.xctest */ = {isa = PBXFileReference; explicitFileType = wrapper.cfbundle; includeInIndex = 0; path = AdvancedClassTeacherTests.xctest; sourceTree = BUILT_PRODUCTS_DIR; };
		F20A68961B81B400000BFF24 /* Info.plist */ = {isa = PBXFileReference; lastKnownFileType = text.plist.xml; path = Info.plist; sourceTree = "<group>"; };
		F20A68971B81B400000BFF24 /* AdvancedClassTeacherTests.swift */ = {isa = PBXFileReference; lastKnownFileType = sourcecode.swift; path = AdvancedClassTeacherTests.swift; sourceTree = "<group>"; };
		F20A68A11B81B478000BFF24 /* TeacherQuestionTableViewController.swift */ = {isa = PBXFileReference; fileEncoding = 4; lastKnownFileType = sourcecode.swift; path = TeacherQuestionTableViewController.swift; sourceTree = "<group>"; };
		F20A68A51B81B478000BFF24 /* TeacherPreTestViewController.swift */ = {isa = PBXFileReference; fileEncoding = 4; lastKnownFileType = sourcecode.swift; path = TeacherPreTestViewController.swift; sourceTree = "<group>"; };
		F20A68A61B81B478000BFF24 /* TeacherBrowseViewController.swift */ = {isa = PBXFileReference; fileEncoding = 4; lastKnownFileType = sourcecode.swift; path = TeacherBrowseViewController.swift; sourceTree = "<group>"; };
		F20A68A81B81B478000BFF24 /* Question.swift */ = {isa = PBXFileReference; fileEncoding = 4; lastKnownFileType = sourcecode.swift; path = Question.swift; sourceTree = "<group>"; };
		F21313C61B9A89E80088C483 /* TeacherTest.swift */ = {isa = PBXFileReference; fileEncoding = 4; lastKnownFileType = sourcecode.swift; path = TeacherTest.swift; sourceTree = "<group>"; };
		F21313CB1B9AC2090088C483 /* TeacherTestTableViewController.swift */ = {isa = PBXFileReference; fileEncoding = 4; lastKnownFileType = sourcecode.swift; path = TeacherTestTableViewController.swift; sourceTree = "<group>"; };
		F21313CD1B9AE1280088C483 /* TeacherAuthenticationHelper.swift */ = {isa = PBXFileReference; fileEncoding = 4; lastKnownFileType = sourcecode.swift; path = TeacherAuthenticationHelper.swift; sourceTree = "<group>"; };
		F21345ED1B9D456000D3BDBF /* TeacherCourse.swift */ = {isa = PBXFileReference; fileEncoding = 4; lastKnownFileType = sourcecode.swift; path = TeacherCourse.swift; sourceTree = "<group>"; };
		F21345EF1B9D558000D3BDBF /* TeacherCourseTableViewController.swift */ = {isa = PBXFileReference; fileEncoding = 4; lastKnownFileType = sourcecode.swift; path = TeacherCourseTableViewController.swift; sourceTree = "<group>"; };
		F220E2751BB62BF200251C88 /* AdvancedClassTeacher-Bridging-Header.h */ = {isa = PBXFileReference; lastKnownFileType = sourcecode.c.h; path = "AdvancedClassTeacher-Bridging-Header.h"; sourceTree = "<group>"; };
		F220E2761BB62BF300251C88 /* MBProgressHUD.h */ = {isa = PBXFileReference; fileEncoding = 4; lastKnownFileType = sourcecode.c.h; path = MBProgressHUD.h; sourceTree = "<group>"; };
		F220E2771BB62BF300251C88 /* MBProgressHUD.m */ = {isa = PBXFileReference; fileEncoding = 4; lastKnownFileType = sourcecode.c.objc; path = MBProgressHUD.m; sourceTree = "<group>"; };
		F23EE3801BAA931700B75501 /* Seat.swift */ = {isa = PBXFileReference; fileEncoding = 4; lastKnownFileType = sourcecode.swift; path = Seat.swift; sourceTree = "<group>"; };
		F23EE3811BAA931700B75501 /* SeatButton.swift */ = {isa = PBXFileReference; fileEncoding = 4; lastKnownFileType = sourcecode.swift; path = SeatButton.swift; sourceTree = "<group>"; };
		F23EE3821BAA931700B75501 /* SeatView.swift */ = {isa = PBXFileReference; fileEncoding = 4; lastKnownFileType = sourcecode.swift; path = SeatView.swift; sourceTree = "<group>"; };
		F23EE3831BAA931700B75501 /* TeacherSeatHelper.swift */ = {isa = PBXFileReference; fileEncoding = 4; lastKnownFileType = sourcecode.swift; path = TeacherSeatHelper.swift; sourceTree = "<group>"; };
		F23EE3881BAA970200B75501 /* TeacherSeatViewController.swift */ = {isa = PBXFileReference; fileEncoding = 4; lastKnownFileType = sourcecode.swift; path = TeacherSeatViewController.swift; sourceTree = "<group>"; };
		F23EE38A1BAA970D00B75501 /* TeacherPreSeatViewController.swift */ = {isa = PBXFileReference; fileEncoding = 4; lastKnownFileType = sourcecode.swift; path = TeacherPreSeatViewController.swift; sourceTree = "<group>"; };
		F246DEB61B9BDA180058DEA6 /* TeacherTestHelper.swift */ = {isa = PBXFileReference; fileEncoding = 4; lastKnownFileType = sourcecode.swift; path = TeacherTestHelper.swift; sourceTree = "<group>"; };
		F246DEB81B9BDAD00058DEA6 /* TeacherQuestionsInTestTableViewController.swift */ = {isa = PBXFileReference; fileEncoding = 4; lastKnownFileType = sourcecode.swift; path = TeacherQuestionsInTestTableViewController.swift; sourceTree = "<group>"; };
		F246DEBC1B9C63360058DEA6 /* Student.swift */ = {isa = PBXFileReference; fileEncoding = 4; lastKnownFileType = sourcecode.swift; path = Student.swift; sourceTree = "<group>"; };
		F246DEC01B9C64A70058DEA6 /* Teacher.swift */ = {isa = PBXFileReference; fileEncoding = 4; lastKnownFileType = sourcecode.swift; path = Teacher.swift; sourceTree = "<group>"; };
		F2534AFA1B96CD40000192E7 /* DateTimeHelper.swift */ = {isa = PBXFileReference; fileEncoding = 4; lastKnownFileType = sourcecode.swift; path = DateTimeHelper.swift; sourceTree = "<group>"; };
		F25B8DFC1B9D8B8D00A2587E /* TeacherStudentHelper.swift */ = {isa = PBXFileReference; fileEncoding = 4; lastKnownFileType = sourcecode.swift; path = TeacherStudentHelper.swift; sourceTree = "<group>"; };
		F25B8E001B9D91A400A2587E /* TeacherCourseHelper.swift */ = {isa = PBXFileReference; fileEncoding = 4; lastKnownFileType = sourcecode.swift; path = TeacherCourseHelper.swift; sourceTree = "<group>"; };
		F26456521B9B204700205B6C /* TeacherCreateTableViewController.swift */ = {isa = PBXFileReference; fileEncoding = 4; lastKnownFileType = sourcecode.swift; path = TeacherCreateTableViewController.swift; sourceTree = "<group>"; };
		F299579A1B81CBB20003B64C /* TestSettingsTableViewController.swift */ = {isa = PBXFileReference; fileEncoding = 4; lastKnownFileType = sourcecode.swift; path = TestSettingsTableViewController.swift; sourceTree = "<group>"; };
		F299579C1B81D8C70003B64C /* TestTimeLimitSettingsTableViewController.swift */ = {isa = PBXFileReference; fileEncoding = 4; lastKnownFileType = sourcecode.swift; path = TestTimeLimitSettingsTableViewController.swift; sourceTree = "<group>"; };
		F2D924321B9DDA99007A783D /* TeacherLoginViewController.swift */ = {isa = PBXFileReference; fileEncoding = 4; lastKnownFileType = sourcecode.swift; path = TeacherLoginViewController.swift; sourceTree = "<group>"; };
/* End PBXFileReference section */

/* Begin PBXFrameworksBuildPhase section */
		F20A68791B81B400000BFF24 /* Frameworks */ = {
			isa = PBXFrameworksBuildPhase;
			buildActionMask = 2147483647;
			files = (
				D1983FB2D0C92874F4112505 /* Pods_AdvancedClassTeacher.framework in Frameworks */,
			);
			runOnlyForDeploymentPostprocessing = 0;
		};
		F20A688E1B81B400000BFF24 /* Frameworks */ = {
			isa = PBXFrameworksBuildPhase;
			buildActionMask = 2147483647;
			files = (
			);
			runOnlyForDeploymentPostprocessing = 0;
		};
/* End PBXFrameworksBuildPhase section */

/* Begin PBXGroup section */
		14C59BD210A6FA92B7390E56 /* Pods */ = {
			isa = PBXGroup;
			children = (
				9C02F6862D7AB22141B4A362 /* Pods-AdvancedClassTeacher.debug.xcconfig */,
				D9FAF596A6DF4C84B66170C4 /* Pods-AdvancedClassTeacher.release.xcconfig */,
			);
			name = Pods;
			sourceTree = "<group>";
		};
		BAE0603D676DDA9CAD7F3503 /* Frameworks */ = {
			isa = PBXGroup;
			children = (
				D7BCC1F8741C7E25C82D8AF5 /* Pods_AdvancedClassTeacher.framework */,
			);
			name = Frameworks;
			sourceTree = "<group>";
		};
		F20A68731B81B400000BFF24 = {
			isa = PBXGroup;
			children = (
				F20A687E1B81B400000BFF24 /* AdvancedClassTeacher */,
				F20A68941B81B400000BFF24 /* AdvancedClassTeacherTests */,
				F20A687D1B81B400000BFF24 /* Products */,
				14C59BD210A6FA92B7390E56 /* Pods */,
				BAE0603D676DDA9CAD7F3503 /* Frameworks */,
			);
			sourceTree = "<group>";
		};
		F20A687D1B81B400000BFF24 /* Products */ = {
			isa = PBXGroup;
			children = (
				F20A687C1B81B400000BFF24 /* AdvancedClassTeacher.app */,
				F20A68911B81B400000BFF24 /* AdvancedClassTeacherTests.xctest */,
			);
			name = Products;
			sourceTree = "<group>";
		};
		F20A687E1B81B400000BFF24 /* AdvancedClassTeacher */ = {
			isa = PBXGroup;
			children = (
				F220E2761BB62BF300251C88 /* MBProgressHUD.h */,
				F220E2771BB62BF300251C88 /* MBProgressHUD.m */,
				F20A68811B81B400000BFF24 /* AppDelegate.swift */,
				F20A565B1B95836D00B8AAB0 /* ChartViewController.swift */,
				F2534AFA1B96CD40000192E7 /* DateTimeHelper.swift */,
				F20A68881B81B400000BFF24 /* Images.xcassets */,
				F20A56601B95CF7500B8AAB0 /* KnowledgePointsTableViewController.swift */,
				F20A688A1B81B400000BFF24 /* LaunchScreen.xib */,
				F20A68851B81B400000BFF24 /* Main.storyboard */,
				F20A68A81B81B478000BFF24 /* Question.swift */,
				F23EE3801BAA931700B75501 /* Seat.swift */,
				F23EE3811BAA931700B75501 /* SeatButton.swift */,
				F23EE3821BAA931700B75501 /* SeatView.swift */,
				F246DEBC1B9C63360058DEA6 /* Student.swift */,
				F20A687F1B81B400000BFF24 /* Supporting Files */,
				F246DEC01B9C64A70058DEA6 /* Teacher.swift */,
				F21313CD1B9AE1280088C483 /* TeacherAuthenticationHelper.swift */,
				F20A68A61B81B478000BFF24 /* TeacherBrowseViewController.swift */,
				F21345ED1B9D456000D3BDBF /* TeacherCourse.swift */,
				F25B8E001B9D91A400A2587E /* TeacherCourseHelper.swift */,
				F21345EF1B9D558000D3BDBF /* TeacherCourseTableViewController.swift */,
				F26456521B9B204700205B6C /* TeacherCreateTableViewController.swift */,
				F2D924321B9DDA99007A783D /* TeacherLoginViewController.swift */,
				F23EE38A1BAA970D00B75501 /* TeacherPreSeatViewController.swift */,
				F20A68A51B81B478000BFF24 /* TeacherPreTestViewController.swift */,
				F246DEB81B9BDAD00058DEA6 /* TeacherQuestionsInTestTableViewController.swift */,
				F20A68A11B81B478000BFF24 /* TeacherQuestionTableViewController.swift */,
				F23EE3831BAA931700B75501 /* TeacherSeatHelper.swift */,
				F23EE3881BAA970200B75501 /* TeacherSeatViewController.swift */,
				F25B8DFC1B9D8B8D00A2587E /* TeacherStudentHelper.swift */,
				F21313C61B9A89E80088C483 /* TeacherTest.swift */,
				F246DEB61B9BDA180058DEA6 /* TeacherTestHelper.swift */,
				F21313CB1B9AC2090088C483 /* TeacherTestTableViewController.swift */,
				F29957A01B820CAB0003B64C /* TestSettings */,
				F220E2751BB62BF200251C88 /* AdvancedClassTeacher-Bridging-Header.h */,
			);
			path = AdvancedClassTeacher;
			sourceTree = "<group>";
		};
		F20A687F1B81B400000BFF24 /* Supporting Files */ = {
			isa = PBXGroup;
			children = (
				F20A68801B81B400000BFF24 /* Info.plist */,
			);
			name = "Supporting Files";
			sourceTree = "<group>";
		};
		F20A68941B81B400000BFF24 /* AdvancedClassTeacherTests */ = {
			isa = PBXGroup;
			children = (
				F20A68971B81B400000BFF24 /* AdvancedClassTeacherTests.swift */,
				F20A68951B81B400000BFF24 /* Supporting Files */,
			);
			path = AdvancedClassTeacherTests;
			sourceTree = "<group>";
		};
		F20A68951B81B400000BFF24 /* Supporting Files */ = {
			isa = PBXGroup;
			children = (
				F20A68961B81B400000BFF24 /* Info.plist */,
			);
			name = "Supporting Files";
			sourceTree = "<group>";
		};
		F29957A01B820CAB0003B64C /* TestSettings */ = {
			isa = PBXGroup;
			children = (
				F20A56621B96A76A00B8AAB0 /* RandomNumberTableViewController.swift */,
				F299579C1B81D8C70003B64C /* TestTimeLimitSettingsTableViewController.swift */,
				F299579A1B81CBB20003B64C /* TestSettingsTableViewController.swift */,
			);
			name = TestSettings;
			sourceTree = "<group>";
		};
/* End PBXGroup section */

/* Begin PBXNativeTarget section */
		F20A687B1B81B400000BFF24 /* AdvancedClassTeacher */ = {
			isa = PBXNativeTarget;
			buildConfigurationList = F20A689B1B81B400000BFF24 /* Build configuration list for PBXNativeTarget "AdvancedClassTeacher" */;
			buildPhases = (
				51210E1BE02F3A395FE287D0 /* Check Pods Manifest.lock */,
				F20A68781B81B400000BFF24 /* Sources */,
				F20A68791B81B400000BFF24 /* Frameworks */,
				F20A687A1B81B400000BFF24 /* Resources */,
				C608EC4EB573879FA2CA18D0 /* Embed Pods Frameworks */,
				DB46AF111CD9BBA473B0A92B /* Copy Pods Resources */,
			);
			buildRules = (
			);
			dependencies = (
			);
			name = AdvancedClassTeacher;
			productName = AdvancedClassTeacher;
			productReference = F20A687C1B81B400000BFF24 /* AdvancedClassTeacher.app */;
			productType = "com.apple.product-type.application";
		};
		F20A68901B81B400000BFF24 /* AdvancedClassTeacherTests */ = {
			isa = PBXNativeTarget;
			buildConfigurationList = F20A689E1B81B400000BFF24 /* Build configuration list for PBXNativeTarget "AdvancedClassTeacherTests" */;
			buildPhases = (
				F20A688D1B81B400000BFF24 /* Sources */,
				F20A688E1B81B400000BFF24 /* Frameworks */,
				F20A688F1B81B400000BFF24 /* Resources */,
			);
			buildRules = (
			);
			dependencies = (
				F20A68931B81B400000BFF24 /* PBXTargetDependency */,
			);
			name = AdvancedClassTeacherTests;
			productName = AdvancedClassTeacherTests;
			productReference = F20A68911B81B400000BFF24 /* AdvancedClassTeacherTests.xctest */;
			productType = "com.apple.product-type.bundle.unit-test";
		};
/* End PBXNativeTarget section */

/* Begin PBXProject section */
		F20A68741B81B400000BFF24 /* Project object */ = {
			isa = PBXProject;
			attributes = {
				LastSwiftMigration = 0700;
				LastSwiftUpdateCheck = 0700;
				LastUpgradeCheck = 0700;
				ORGANIZATIONNAME = Harold;
				TargetAttributes = {
					F20A687B1B81B400000BFF24 = {
						CreatedOnToolsVersion = 6.4;
					};
					F20A68901B81B400000BFF24 = {
						CreatedOnToolsVersion = 6.4;
						TestTargetID = F20A687B1B81B400000BFF24;
					};
				};
			};
			buildConfigurationList = F20A68771B81B400000BFF24 /* Build configuration list for PBXProject "AdvancedClassTeacher" */;
			compatibilityVersion = "Xcode 3.2";
			developmentRegion = English;
			hasScannedForEncodings = 0;
			knownRegions = (
				en,
				Base,
			);
			mainGroup = F20A68731B81B400000BFF24;
			productRefGroup = F20A687D1B81B400000BFF24 /* Products */;
			projectDirPath = "";
			projectRoot = "";
			targets = (
				F20A687B1B81B400000BFF24 /* AdvancedClassTeacher */,
				F20A68901B81B400000BFF24 /* AdvancedClassTeacherTests */,
			);
		};
/* End PBXProject section */

/* Begin PBXResourcesBuildPhase section */
		F20A687A1B81B400000BFF24 /* Resources */ = {
			isa = PBXResourcesBuildPhase;
			buildActionMask = 2147483647;
			files = (
				F20A68871B81B400000BFF24 /* Main.storyboard in Resources */,
				F20A688C1B81B400000BFF24 /* LaunchScreen.xib in Resources */,
				F20A68891B81B400000BFF24 /* Images.xcassets in Resources */,
			);
			runOnlyForDeploymentPostprocessing = 0;
		};
		F20A688F1B81B400000BFF24 /* Resources */ = {
			isa = PBXResourcesBuildPhase;
			buildActionMask = 2147483647;
			files = (
			);
			runOnlyForDeploymentPostprocessing = 0;
		};
/* End PBXResourcesBuildPhase section */

/* Begin PBXShellScriptBuildPhase section */
		51210E1BE02F3A395FE287D0 /* Check Pods Manifest.lock */ = {
			isa = PBXShellScriptBuildPhase;
			buildActionMask = 2147483647;
			files = (
			);
			inputPaths = (
			);
			name = "Check Pods Manifest.lock";
			outputPaths = (
			);
			runOnlyForDeploymentPostprocessing = 0;
			shellPath = /bin/sh;
			shellScript = "diff \"${PODS_ROOT}/../Podfile.lock\" \"${PODS_ROOT}/Manifest.lock\" > /dev/null\nif [[ $? != 0 ]] ; then\n    cat << EOM\nerror: The sandbox is not in sync with the Podfile.lock. Run 'pod install' or update your CocoaPods installation.\nEOM\n    exit 1\nfi\n";
			showEnvVarsInLog = 0;
		};
		C608EC4EB573879FA2CA18D0 /* Embed Pods Frameworks */ = {
			isa = PBXShellScriptBuildPhase;
			buildActionMask = 2147483647;
			files = (
			);
			inputPaths = (
			);
			name = "Embed Pods Frameworks";
			outputPaths = (
			);
			runOnlyForDeploymentPostprocessing = 0;
			shellPath = /bin/sh;
			shellScript = "\"${SRCROOT}/Pods/Target Support Files/Pods-AdvancedClassTeacher/Pods-AdvancedClassTeacher-frameworks.sh\"\n";
			showEnvVarsInLog = 0;
		};
		DB46AF111CD9BBA473B0A92B /* Copy Pods Resources */ = {
			isa = PBXShellScriptBuildPhase;
			buildActionMask = 2147483647;
			files = (
			);
			inputPaths = (
			);
			name = "Copy Pods Resources";
			outputPaths = (
			);
			runOnlyForDeploymentPostprocessing = 0;
			shellPath = /bin/sh;
			shellScript = "\"${SRCROOT}/Pods/Target Support Files/Pods-AdvancedClassTeacher/Pods-AdvancedClassTeacher-resources.sh\"\n";
			showEnvVarsInLog = 0;
		};
/* End PBXShellScriptBuildPhase section */

/* Begin PBXSourcesBuildPhase section */
		F20A68781B81B400000BFF24 /* Sources */ = {
			isa = PBXSourcesBuildPhase;
			buildActionMask = 2147483647;
			files = (
				F23EE38B1BAA970D00B75501 /* TeacherPreSeatViewController.swift in Sources */,
				F20A68B11B81B478000BFF24 /* Question.swift in Sources */,
				F21313C81B9A89E80088C483 /* TeacherTest.swift in Sources */,
				F20A56631B96A76A00B8AAB0 /* RandomNumberTableViewController.swift in Sources */,
				F246DEB91B9BDAD00058DEA6 /* TeacherQuestionsInTestTableViewController.swift in Sources */,
				F246DEC11B9C64A70058DEA6 /* Teacher.swift in Sources */,
				F20A68AE1B81B478000BFF24 /* TeacherPreTestViewController.swift in Sources */,
				F20A565C1B95836D00B8AAB0 /* ChartViewController.swift in Sources */,
				F21313CE1B9AE1280088C483 /* TeacherAuthenticationHelper.swift in Sources */,
				F21313CC1B9AC2090088C483 /* TeacherTestTableViewController.swift in Sources */,
				F26456531B9B204700205B6C /* TeacherCreateTableViewController.swift in Sources */,
				F246DEBD1B9C63360058DEA6 /* Student.swift in Sources */,
				F25B8DFD1B9D8B8D00A2587E /* TeacherStudentHelper.swift in Sources */,
				F23EE3861BAA931700B75501 /* SeatView.swift in Sources */,
				F299579B1B81CBB20003B64C /* TestSettingsTableViewController.swift in Sources */,
				F25B8E011B9D91A400A2587E /* TeacherCourseHelper.swift in Sources */,
				F20A56611B95CF7500B8AAB0 /* KnowledgePointsTableViewController.swift in Sources */,
				F20A68AA1B81B478000BFF24 /* TeacherQuestionTableViewController.swift in Sources */,
				F21345EE1B9D456000D3BDBF /* TeacherCourse.swift in Sources */,
				F2534AFB1B96CD40000192E7 /* DateTimeHelper.swift in Sources */,
				F23EE3851BAA931700B75501 /* SeatButton.swift in Sources */,
				F23EE3841BAA931700B75501 /* Seat.swift in Sources */,
				F220E2781BB62BF300251C88 /* MBProgressHUD.m in Sources */,
				F20A68821B81B400000BFF24 /* AppDelegate.swift in Sources */,
				F20A68AF1B81B478000BFF24 /* TeacherBrowseViewController.swift in Sources */,
				F23EE3891BAA970200B75501 /* TeacherSeatViewController.swift in Sources */,
				F246DEB71B9BDA180058DEA6 /* TeacherTestHelper.swift in Sources */,
				F299579D1B81D8C70003B64C /* TestTimeLimitSettingsTableViewController.swift in Sources */,
				F2D924331B9DDA99007A783D /* TeacherLoginViewController.swift in Sources */,
				F21345F01B9D558000D3BDBF /* TeacherCourseTableViewController.swift in Sources */,
				F23EE3871BAA931700B75501 /* TeacherSeatHelper.swift in Sources */,
			);
			runOnlyForDeploymentPostprocessing = 0;
		};
		F20A688D1B81B400000BFF24 /* Sources */ = {
			isa = PBXSourcesBuildPhase;
			buildActionMask = 2147483647;
			files = (
				F20A68981B81B400000BFF24 /* AdvancedClassTeacherTests.swift in Sources */,
			);
			runOnlyForDeploymentPostprocessing = 0;
		};
/* End PBXSourcesBuildPhase section */

/* Begin PBXTargetDependency section */
		F20A68931B81B400000BFF24 /* PBXTargetDependency */ = {
			isa = PBXTargetDependency;
			target = F20A687B1B81B400000BFF24 /* AdvancedClassTeacher */;
			targetProxy = F20A68921B81B400000BFF24 /* PBXContainerItemProxy */;
		};
/* End PBXTargetDependency section */

/* Begin PBXVariantGroup section */
		F20A68851B81B400000BFF24 /* Main.storyboard */ = {
			isa = PBXVariantGroup;
			children = (
				F20A68861B81B400000BFF24 /* Base */,
			);
			name = Main.storyboard;
			sourceTree = "<group>";
		};
		F20A688A1B81B400000BFF24 /* LaunchScreen.xib */ = {
			isa = PBXVariantGroup;
			children = (
				F20A688B1B81B400000BFF24 /* Base */,
			);
			name = LaunchScreen.xib;
			sourceTree = "<group>";
		};
/* End PBXVariantGroup section */

/* Begin XCBuildConfiguration section */
		F20A68991B81B400000BFF24 /* Debug */ = {
			isa = XCBuildConfiguration;
			buildSettings = {
				ALWAYS_SEARCH_USER_PATHS = NO;
				CLANG_CXX_LANGUAGE_STANDARD = "gnu++0x";
				CLANG_CXX_LIBRARY = "libc++";
				CLANG_ENABLE_MODULES = YES;
				CLANG_ENABLE_OBJC_ARC = YES;
				CLANG_WARN_BOOL_CONVERSION = YES;
				CLANG_WARN_CONSTANT_CONVERSION = YES;
				CLANG_WARN_DIRECT_OBJC_ISA_USAGE = YES_ERROR;
				CLANG_WARN_EMPTY_BODY = YES;
				CLANG_WARN_ENUM_CONVERSION = YES;
				CLANG_WARN_INT_CONVERSION = YES;
				CLANG_WARN_OBJC_ROOT_CLASS = YES_ERROR;
				CLANG_WARN_UNREACHABLE_CODE = YES;
				CLANG_WARN__DUPLICATE_METHOD_MATCH = YES;
				"CODE_SIGN_IDENTITY[sdk=iphoneos*]" = "iPhone Developer";
				COPY_PHASE_STRIP = NO;
				DEBUG_INFORMATION_FORMAT = "dwarf-with-dsym";
				ENABLE_STRICT_OBJC_MSGSEND = YES;
				ENABLE_TESTABILITY = YES;
				GCC_C_LANGUAGE_STANDARD = gnu99;
				GCC_DYNAMIC_NO_PIC = NO;
				GCC_NO_COMMON_BLOCKS = YES;
				GCC_OPTIMIZATION_LEVEL = 0;
				GCC_PREPROCESSOR_DEFINITIONS = (
					"DEBUG=1",
					"$(inherited)",
				);
				GCC_SYMBOLS_PRIVATE_EXTERN = NO;
				GCC_WARN_64_TO_32_BIT_CONVERSION = YES;
				GCC_WARN_ABOUT_RETURN_TYPE = YES_ERROR;
				GCC_WARN_UNDECLARED_SELECTOR = YES;
				GCC_WARN_UNINITIALIZED_AUTOS = YES_AGGRESSIVE;
				GCC_WARN_UNUSED_FUNCTION = YES;
				GCC_WARN_UNUSED_VARIABLE = YES;
				IPHONEOS_DEPLOYMENT_TARGET = 8.0;
				MTL_ENABLE_DEBUG_INFO = YES;
				ONLY_ACTIVE_ARCH = YES;
				SDKROOT = iphoneos;
				SWIFT_OPTIMIZATION_LEVEL = "-Onone";
				TARGETED_DEVICE_FAMILY = "1,2";
			};
			name = Debug;
		};
		F20A689A1B81B400000BFF24 /* Release */ = {
			isa = XCBuildConfiguration;
			buildSettings = {
				ALWAYS_SEARCH_USER_PATHS = NO;
				CLANG_CXX_LANGUAGE_STANDARD = "gnu++0x";
				CLANG_CXX_LIBRARY = "libc++";
				CLANG_ENABLE_MODULES = YES;
				CLANG_ENABLE_OBJC_ARC = YES;
				CLANG_WARN_BOOL_CONVERSION = YES;
				CLANG_WARN_CONSTANT_CONVERSION = YES;
				CLANG_WARN_DIRECT_OBJC_ISA_USAGE = YES_ERROR;
				CLANG_WARN_EMPTY_BODY = YES;
				CLANG_WARN_ENUM_CONVERSION = YES;
				CLANG_WARN_INT_CONVERSION = YES;
				CLANG_WARN_OBJC_ROOT_CLASS = YES_ERROR;
				CLANG_WARN_UNREACHABLE_CODE = YES;
				CLANG_WARN__DUPLICATE_METHOD_MATCH = YES;
				"CODE_SIGN_IDENTITY[sdk=iphoneos*]" = "iPhone Developer";
				COPY_PHASE_STRIP = NO;
				DEBUG_INFORMATION_FORMAT = "dwarf-with-dsym";
				ENABLE_NS_ASSERTIONS = NO;
				ENABLE_STRICT_OBJC_MSGSEND = YES;
				GCC_C_LANGUAGE_STANDARD = gnu99;
				GCC_NO_COMMON_BLOCKS = YES;
				GCC_WARN_64_TO_32_BIT_CONVERSION = YES;
				GCC_WARN_ABOUT_RETURN_TYPE = YES_ERROR;
				GCC_WARN_UNDECLARED_SELECTOR = YES;
				GCC_WARN_UNINITIALIZED_AUTOS = YES_AGGRESSIVE;
				GCC_WARN_UNUSED_FUNCTION = YES;
				GCC_WARN_UNUSED_VARIABLE = YES;
				IPHONEOS_DEPLOYMENT_TARGET = 8.0;
				MTL_ENABLE_DEBUG_INFO = NO;
				SDKROOT = iphoneos;
				TARGETED_DEVICE_FAMILY = "1,2";
				VALIDATE_PRODUCT = YES;
			};
			name = Release;
		};
		F20A689C1B81B400000BFF24 /* Debug */ = {
			isa = XCBuildConfiguration;
			baseConfigurationReference = 9C02F6862D7AB22141B4A362 /* Pods-AdvancedClassTeacher.debug.xcconfig */;
			buildSettings = {
				ASSETCATALOG_COMPILER_APPICON_NAME = AppIcon;
				CLANG_ENABLE_MODULES = YES;
				CODE_SIGN_IDENTITY = "iPhone Developer: Wei Feng Hou (KBW9ML5K4W)";
				INFOPLIST_FILE = AdvancedClassTeacher/Info.plist;
				IPHONEOS_DEPLOYMENT_TARGET = 8.0;
				LD_RUNPATH_SEARCH_PATHS = "$(inherited) @executable_path/Frameworks";
				PRODUCT_BUNDLE_IDENTIFIER = "USTB.$(PRODUCT_NAME:rfc1034identifier)";
				PRODUCT_NAME = "$(TARGET_NAME)";
				SWIFT_OBJC_BRIDGING_HEADER = "AdvancedClassTeacher/AdvancedClassTeacher-Bridging-Header.h";
				SWIFT_OPTIMIZATION_LEVEL = "-Onone";
			};
			name = Debug;
		};
		F20A689D1B81B400000BFF24 /* Release */ = {
			isa = XCBuildConfiguration;
			baseConfigurationReference = D9FAF596A6DF4C84B66170C4 /* Pods-AdvancedClassTeacher.release.xcconfig */;
			buildSettings = {
				ASSETCATALOG_COMPILER_APPICON_NAME = AppIcon;
				CLANG_ENABLE_MODULES = YES;
				CODE_SIGN_IDENTITY = "iPhone Developer: Wei Feng Hou (KBW9ML5K4W)";
				INFOPLIST_FILE = AdvancedClassTeacher/Info.plist;
				IPHONEOS_DEPLOYMENT_TARGET = 8.0;
				LD_RUNPATH_SEARCH_PATHS = "$(inherited) @executable_path/Frameworks";
				PRODUCT_BUNDLE_IDENTIFIER = "USTB.$(PRODUCT_NAME:rfc1034identifier)";
				PRODUCT_NAME = "$(TARGET_NAME)";
				SWIFT_OBJC_BRIDGING_HEADER = "AdvancedClassTeacher/AdvancedClassTeacher-Bridging-Header.h";
			};
			name = Release;
		};
		F20A689F1B81B400000BFF24 /* Debug */ = {
			isa = XCBuildConfiguration;
			buildSettings = {
				BUNDLE_LOADER = "$(TEST_HOST)";
				FRAMEWORK_SEARCH_PATHS = (
					"$(SDKROOT)/Developer/Library/Frameworks",
					"$(inherited)",
				);
				GCC_PREPROCESSOR_DEFINITIONS = (
					"DEBUG=1",
					"$(inherited)",
				);
				INFOPLIST_FILE = AdvancedClassTeacherTests/Info.plist;
				LD_RUNPATH_SEARCH_PATHS = "$(inherited) @executable_path/Frameworks @loader_path/Frameworks";
				PRODUCT_BUNDLE_IDENTIFIER = "USTB.$(PRODUCT_NAME:rfc1034identifier)";
				PRODUCT_NAME = "$(TARGET_NAME)";
				TEST_HOST = "$(BUILT_PRODUCTS_DIR)/AdvancedClassTeacher.app/AdvancedClassTeacher";
			};
			name = Debug;
		};
		F20A68A01B81B400000BFF24 /* Release */ = {
			isa = XCBuildConfiguration;
			buildSettings = {
				BUNDLE_LOADER = "$(TEST_HOST)";
				FRAMEWORK_SEARCH_PATHS = (
					"$(SDKROOT)/Developer/Library/Frameworks",
					"$(inherited)",
				);
				INFOPLIST_FILE = AdvancedClassTeacherTests/Info.plist;
				LD_RUNPATH_SEARCH_PATHS = "$(inherited) @executable_path/Frameworks @loader_path/Frameworks";
				PRODUCT_BUNDLE_IDENTIFIER = "USTB.$(PRODUCT_NAME:rfc1034identifier)";
				PRODUCT_NAME = "$(TARGET_NAME)";
				TEST_HOST = "$(BUILT_PRODUCTS_DIR)/AdvancedClassTeacher.app/AdvancedClassTeacher";
			};
			name = Release;
		};
/* End XCBuildConfiguration section */

/* Begin XCConfigurationList section */
		F20A68771B81B400000BFF24 /* Build configuration list for PBXProject "AdvancedClassTeacher" */ = {
			isa = XCConfigurationList;
			buildConfigurations = (
				F20A68991B81B400000BFF24 /* Debug */,
				F20A689A1B81B400000BFF24 /* Release */,
			);
			defaultConfigurationIsVisible = 0;
			defaultConfigurationName = Release;
		};
		F20A689B1B81B400000BFF24 /* Build configuration list for PBXNativeTarget "AdvancedClassTeacher" */ = {
			isa = XCConfigurationList;
			buildConfigurations = (
				F20A689C1B81B400000BFF24 /* Debug */,
				F20A689D1B81B400000BFF24 /* Release */,
			);
			defaultConfigurationIsVisible = 0;
			defaultConfigurationName = Release;
		};
		F20A689E1B81B400000BFF24 /* Build configuration list for PBXNativeTarget "AdvancedClassTeacherTests" */ = {
			isa = XCConfigurationList;
			buildConfigurations = (
				F20A689F1B81B400000BFF24 /* Debug */,
				F20A68A01B81B400000BFF24 /* Release */,
			);
			defaultConfigurationIsVisible = 0;
			defaultConfigurationName = Release;
		};
/* End XCConfigurationList section */
	};
	rootObject = F20A68741B81B400000BFF24 /* Project object */;
}
