// !$*UTF8*$!
{
	archiveVersion = 1;
	classes = {
	};
	objectVersion = 46;
	objects = {

/* Begin PBXBuildFile section */
		3273DCD05B569D999A6D10F7 /* Pods_AdvancedClassStudent.framework in Frameworks */ = {isa = PBXBuildFile; fileRef = D6BF08A497864571ACFE70DC /* Pods_AdvancedClassStudent.framework */; };
		F2140CAB1C7F010200598C5C /* StudentInfoPopoverTableViewController.swift in Sources */ = {isa = PBXBuildFile; fileRef = F2140CAA1C7F010200598C5C /* StudentInfoPopoverTableViewController.swift */; };
		F21B8EAD1C9FDA6000791429 /* StudentTestQuestionListTableViewController.swift in Sources */ = {isa = PBXBuildFile; fileRef = F21B8EAC1C9FDA6000791429 /* StudentTestQuestionListTableViewController.swift */; };
		F220E27C1BB62C2100251C88 /* MBProgressHUD.m in Sources */ = {isa = PBXBuildFile; fileRef = F220E27B1BB62C2100251C88 /* MBProgressHUD.m */; };
		F22DAC981B81AC2B00360027 /* AppDelegate.swift in Sources */ = {isa = PBXBuildFile; fileRef = F22DAC971B81AC2B00360027 /* AppDelegate.swift */; };
		F22DAC9D1B81AC2B00360027 /* Main.storyboard in Resources */ = {isa = PBXBuildFile; fileRef = F22DAC9B1B81AC2B00360027 /* Main.storyboard */; };
		F22DACA21B81AC2B00360027 /* LaunchScreen.xib in Resources */ = {isa = PBXBuildFile; fileRef = F22DACA01B81AC2B00360027 /* LaunchScreen.xib */; };
		F22DACBD1B81ACB600360027 /* StudentMultipleChoiceTableViewController.swift in Sources */ = {isa = PBXBuildFile; fileRef = F22DACB71B81ACB600360027 /* StudentMultipleChoiceTableViewController.swift */; };
		F22DACBF1B81ACB600360027 /* StudentTestHelper.swift in Sources */ = {isa = PBXBuildFile; fileRef = F22DACB91B81ACB600360027 /* StudentTestHelper.swift */; };
		F22DACC01B81ACB600360027 /* StudentPreTestViewController.swift in Sources */ = {isa = PBXBuildFile; fileRef = F22DACBA1B81ACB600360027 /* StudentPreTestViewController.swift */; };
		F22DACC11B81ACB600360027 /* StudentQuestion.swift in Sources */ = {isa = PBXBuildFile; fileRef = F22DACBB1B81ACB600360027 /* StudentQuestion.swift */; };
		F22DACC41B81ACD500360027 /* AdvancedClassStudentTests.swift in Sources */ = {isa = PBXBuildFile; fileRef = F22DACC31B81ACD500360027 /* AdvancedClassStudentTests.swift */; };
		F23A572D1C7E0E740007EF5B /* SeatRowIndicator.swift in Sources */ = {isa = PBXBuildFile; fileRef = F23A572C1C7E0E740007EF5B /* SeatRowIndicator.swift */; };
		F241AE9F1B98170E00E30EAF /* StudentTest.swift in Sources */ = {isa = PBXBuildFile; fileRef = F241AE9E1B98170E00E30EAF /* StudentTest.swift */; };
		F241AEA51B98771000E30EAF /* StudentTestTableViewController.swift in Sources */ = {isa = PBXBuildFile; fileRef = F241AEA41B98771000E30EAF /* StudentTestTableViewController.swift */; };
		F246DEBB1B9C619B0058DEA6 /* Student.swift in Sources */ = {isa = PBXBuildFile; fileRef = F246DEBA1B9C619B0058DEA6 /* Student.swift */; };
		F246DEC31B9C654B0058DEA6 /* StudentCourse.swift in Sources */ = {isa = PBXBuildFile; fileRef = F246DEC21B9C654B0058DEA6 /* StudentCourse.swift */; };
		F246DEC51B9C662E0058DEA6 /* Teacher.swift in Sources */ = {isa = PBXBuildFile; fileRef = F246DEC41B9C662E0058DEA6 /* Teacher.swift */; };
		F24EA84B1CF98A34003DD2A5 /* CourseTableViewCell.swift in Sources */ = {isa = PBXBuildFile; fileRef = F24EA8491CF98A34003DD2A5 /* CourseTableViewCell.swift */; };
		F24EA84C1CF98A34003DD2A5 /* CourseTableViewCell.xib in Resources */ = {isa = PBXBuildFile; fileRef = F24EA84A1CF98A34003DD2A5 /* CourseTableViewCell.xib */; };
		F255B89A1CF4407700D8D49A /* AbsenceTableViewController.swift in Sources */ = {isa = PBXBuildFile; fileRef = F255B8921CF4407700D8D49A /* AbsenceTableViewController.swift */; };
		F255B89B1CF4407700D8D49A /* AskForLeaveTableViewController.swift in Sources */ = {isa = PBXBuildFile; fileRef = F255B8931CF4407700D8D49A /* AskForLeaveTableViewController.swift */; };
		F255B89C1CF4407700D8D49A /* AttendanceTableViewController.swift in Sources */ = {isa = PBXBuildFile; fileRef = F255B8941CF4407700D8D49A /* AttendanceTableViewController.swift */; };
		F255B89D1CF4407700D8D49A /* NewAskTableViewController.swift in Sources */ = {isa = PBXBuildFile; fileRef = F255B8951CF4407700D8D49A /* NewAskTableViewController.swift */; };
		F255B89E1CF4407700D8D49A /* NewStatusAsksTableViewController.swift in Sources */ = {isa = PBXBuildFile; fileRef = F255B8961CF4407700D8D49A /* NewStatusAsksTableViewController.swift */; };
		F255B89F1CF4407700D8D49A /* NewStatusAskTableViewCell.swift in Sources */ = {isa = PBXBuildFile; fileRef = F255B8971CF4407700D8D49A /* NewStatusAskTableViewCell.swift */; };
		F255B8A01CF4407700D8D49A /* NewStatusAskTableViewCell.xib in Resources */ = {isa = PBXBuildFile; fileRef = F255B8981CF4407700D8D49A /* NewStatusAskTableViewCell.xib */; };
		F255B8A11CF4407700D8D49A /* PostedAskTableViewController.swift in Sources */ = {isa = PBXBuildFile; fileRef = F255B8991CF4407700D8D49A /* PostedAskTableViewController.swift */; };
		F255B8A31CF4425A00D8D49A /* StudentAskForLeave.swift in Sources */ = {isa = PBXBuildFile; fileRef = F255B8A21CF4425A00D8D49A /* StudentAskForLeave.swift */; };
		F255B8A51CF443C200D8D49A /* PopupPickerView.swift in Sources */ = {isa = PBXBuildFile; fileRef = F255B8A41CF443C200D8D49A /* PopupPickerView.swift */; };
		F255B8A81CF4692500D8D49A /* MyInfoTableViewCell.swift in Sources */ = {isa = PBXBuildFile; fileRef = F255B8A61CF4692500D8D49A /* MyInfoTableViewCell.swift */; };
		F255B8A91CF4692500D8D49A /* MyInfoTableViewCell.xib in Resources */ = {isa = PBXBuildFile; fileRef = F255B8A71CF4692500D8D49A /* MyInfoTableViewCell.xib */; };
		F25B8E051B9DB16400A2587E /* StudentCourseTableViewController.swift in Sources */ = {isa = PBXBuildFile; fileRef = F25B8E041B9DB16400A2587E /* StudentCourseTableViewController.swift */; };
		F275AFAD1CA9FAC40009925B /* SeatColumnIndicator.swift in Sources */ = {isa = PBXBuildFile; fileRef = F275AFAC1CA9FAC40009925B /* SeatColumnIndicator.swift */; };
		F275AFAF1CA9FC210009925B /* StudentSeatSearchResultTableViewController.swift in Sources */ = {isa = PBXBuildFile; fileRef = F275AFAE1CA9FC210009925B /* StudentSeatSearchResultTableViewController.swift */; };
		F275AFB21CA9FC430009925B /* StudentInfoCell.swift in Sources */ = {isa = PBXBuildFile; fileRef = F275AFB01CA9FC430009925B /* StudentInfoCell.swift */; };
		F275AFB31CA9FC430009925B /* StudentInfoCell.xib in Resources */ = {isa = PBXBuildFile; fileRef = F275AFB11CA9FC430009925B /* StudentInfoCell.xib */; };
		F275AFB51CAA04740009925B /* StudentNotificationContentTableViewController.swift in Sources */ = {isa = PBXBuildFile; fileRef = F275AFB41CAA04740009925B /* StudentNotificationContentTableViewController.swift */; };
		F275AFB71CAA052D0009925B /* StudentCourseHelper.swift in Sources */ = {isa = PBXBuildFile; fileRef = F275AFB61CAA052D0009925B /* StudentCourseHelper.swift */; };
		F275AFBA1CAA0C6D0009925B /* TestTableViewCell.swift in Sources */ = {isa = PBXBuildFile; fileRef = F275AFB81CAA0C6D0009925B /* TestTableViewCell.swift */; };
		F275AFBB1CAA0C6D0009925B /* TestTableViewCell.xib in Resources */ = {isa = PBXBuildFile; fileRef = F275AFB91CAA0C6D0009925B /* TestTableViewCell.xib */; };
		F275AFBD1CAA0C7B0009925B /* StudentUnfinishedTestInfoTableViewController.swift in Sources */ = {isa = PBXBuildFile; fileRef = F275AFBC1CAA0C7B0009925B /* StudentUnfinishedTestInfoTableViewController.swift */; };
		F275AFBF1CAA0CFC0009925B /* MyProgressBar.swift in Sources */ = {isa = PBXBuildFile; fileRef = F275AFBE1CAA0CFC0009925B /* MyProgressBar.swift */; };
		F275AFC11CAA8F360009925B /* StudentFinishedTestInfoTableViewController.swift in Sources */ = {isa = PBXBuildFile; fileRef = F275AFC01CAA8F360009925B /* StudentFinishedTestInfoTableViewController.swift */; };
		F283BC7D1C9E9F9300E0396F /* StudentBaseQuestionTableViewController.swift in Sources */ = {isa = PBXBuildFile; fileRef = F283BC7C1C9E9F9300E0396F /* StudentBaseQuestionTableViewController.swift */; };
		F283BC831C9EB4BC00E0396F /* Images.xcassets in Resources */ = {isa = PBXBuildFile; fileRef = F283BC821C9EB4BC00E0396F /* Images.xcassets */; };
		F283BC871C9EBC4000E0396F /* StudentQuestionContentTableViewCell.xib in Resources */ = {isa = PBXBuildFile; fileRef = F283BC851C9EBC4000E0396F /* StudentQuestionContentTableViewCell.xib */; };
		F283BC921C9ECF7100E0396F /* StudentMultipleChoiceTableViewCell.swift in Sources */ = {isa = PBXBuildFile; fileRef = F283BC901C9ECF7100E0396F /* StudentMultipleChoiceTableViewCell.swift */; };
		F283BC931C9ECF7100E0396F /* StudentMultipleChoiceTableViewCell.xib in Resources */ = {isa = PBXBuildFile; fileRef = F283BC911C9ECF7100E0396F /* StudentMultipleChoiceTableViewCell.xib */; };
		F283BC951C9ECFA100E0396F /* StudentQuestionContentTableViewCell.swift in Sources */ = {isa = PBXBuildFile; fileRef = F283BC941C9ECFA100E0396F /* StudentQuestionContentTableViewCell.swift */; };
		F286A0E91C7DAA5400B1BD3A /* CourseActivityButton.swift in Sources */ = {isa = PBXBuildFile; fileRef = F286A0E81C7DAA5400B1BD3A /* CourseActivityButton.swift */; };
		F298D6831CF0029200733600 /* FaceImage.swift in Sources */ = {isa = PBXBuildFile; fileRef = F298D67E1CF0029200733600 /* FaceImage.swift */; };
		F298D6841CF0029200733600 /* PhotoCollectionViewCell.swift in Sources */ = {isa = PBXBuildFile; fileRef = F298D67F1CF0029200733600 /* PhotoCollectionViewCell.swift */; };
		F298D6851CF0029200733600 /* PhotoGalleryViewController.swift in Sources */ = {isa = PBXBuildFile; fileRef = F298D6801CF0029200733600 /* PhotoGalleryViewController.swift */; };
		F298D6861CF0029200733600 /* SinglePhotoCollectionViewCell.swift in Sources */ = {isa = PBXBuildFile; fileRef = F298D6811CF0029200733600 /* SinglePhotoCollectionViewCell.swift */; };
		F298D6871CF0029200733600 /* SinglePhotoViewController.swift in Sources */ = {isa = PBXBuildFile; fileRef = F298D6821CF0029200733600 /* SinglePhotoViewController.swift */; };
		F298D6891CF0031100733600 /* FaceHelper.swift in Sources */ = {isa = PBXBuildFile; fileRef = F298D6881CF0031100733600 /* FaceHelper.swift */; };
		F29957991B81B89D0003B64C /* StudentAnswerQuestionsViewController.swift in Sources */ = {isa = PBXBuildFile; fileRef = F29957981B81B89D0003B64C /* StudentAnswerQuestionsViewController.swift */; };
		F2B5A52A1BA99CFB00A4E38B /* Seat.swift in Sources */ = {isa = PBXBuildFile; fileRef = F2B5A5261BA99CFB00A4E38B /* Seat.swift */; };
		F2B5A52B1BA99CFB00A4E38B /* SeatButton.swift in Sources */ = {isa = PBXBuildFile; fileRef = F2B5A5271BA99CFB00A4E38B /* SeatButton.swift */; };
		F2B5A52C1BA99CFB00A4E38B /* SeatView.swift in Sources */ = {isa = PBXBuildFile; fileRef = F2B5A5281BA99CFB00A4E38B /* SeatView.swift */; };
		F2B5A52D1BA99CFB00A4E38B /* StudentSeatHelper.swift in Sources */ = {isa = PBXBuildFile; fileRef = F2B5A5291BA99CFB00A4E38B /* StudentSeatHelper.swift */; };
		F2B5A52F1BA9A02F00A4E38B /* StudentChooseSeatViewController.swift in Sources */ = {isa = PBXBuildFile; fileRef = F2B5A52E1BA9A02F00A4E38B /* StudentChooseSeatViewController.swift */; };
		F2B5A5311BA9A10F00A4E38B /* StudentCourseActivitiesViewController.swift in Sources */ = {isa = PBXBuildFile; fileRef = F2B5A5301BA9A10F00A4E38B /* StudentCourseActivitiesViewController.swift */; };
		F2B917C81CAD062A00ED9521 /* StudentMultipleChoiceResultTableViewController.swift in Sources */ = {isa = PBXBuildFile; fileRef = F2B917C71CAD062A00ED9521 /* StudentMultipleChoiceResultTableViewController.swift */; };
		F2B917CB1CAD088200ED9521 /* StudentMultipleChoiceResultTableViewCell.swift in Sources */ = {isa = PBXBuildFile; fileRef = F2B917C91CAD088200ED9521 /* StudentMultipleChoiceResultTableViewCell.swift */; };
		F2B917CC1CAD088200ED9521 /* StudentMultipleChoiceResultTableViewCell.xib in Resources */ = {isa = PBXBuildFile; fileRef = F2B917CA1CAD088200ED9521 /* StudentMultipleChoiceResultTableViewCell.xib */; };
		F2B917CE1CAD0DA900ED9521 /* StudentUntakenTestInfoTableViewController.swift in Sources */ = {isa = PBXBuildFile; fileRef = F2B917CD1CAD0DA900ED9521 /* StudentUntakenTestInfoTableViewController.swift */; };
		F2B9927A1C78128500A8DE18 /* TimesAndRooms.swift in Sources */ = {isa = PBXBuildFile; fileRef = F2B992791C78128500A8DE18 /* TimesAndRooms.swift */; };
		F2B9928F1C781B3800A8DE18 /* Errors.swift in Sources */ = {isa = PBXBuildFile; fileRef = F2B9928E1C781B3800A8DE18 /* Errors.swift */; };
		F2B992911C782B6400A8DE18 /* Generals.swift in Sources */ = {isa = PBXBuildFile; fileRef = F2B992901C782B6400A8DE18 /* Generals.swift */; };
		F2BCB68E1BBFF5D200BF14F1 /* StudentNotificationViewController.swift in Sources */ = {isa = PBXBuildFile; fileRef = F2BCB68D1BBFF5D200BF14F1 /* StudentNotificationViewController.swift */; };
		F2C916361CEF072E0058AD60 /* MeTableViewController.swift in Sources */ = {isa = PBXBuildFile; fileRef = F2C916351CEF072E0058AD60 /* MeTableViewController.swift */; };
		F2C916381CEF08500058AD60 /* ModifyPasswordTableViewController.swift in Sources */ = {isa = PBXBuildFile; fileRef = F2C916371CEF08500058AD60 /* ModifyPasswordTableViewController.swift */; };
		F2D785341BB4E13F00B6DC9A /* StudentTestResultsViewController.swift in Sources */ = {isa = PBXBuildFile; fileRef = F2D785331BB4E13F00B6DC9A /* StudentTestResultsViewController.swift */; };
		F2E3DA3E1B96EDA600945513 /* DateTimeHelper.swift in Sources */ = {isa = PBXBuildFile; fileRef = F2E3DA3D1B96EDA600945513 /* DateTimeHelper.swift */; };
		F2E6E1FE1D6A83B200DEF262 /* EmailTableViewController.swift in Sources */ = {isa = PBXBuildFile; fileRef = F2E6E1FD1D6A83B200DEF262 /* EmailTableViewController.swift */; };
		F2E6E2061D6AF4E200DEF262 /* Base.lproj in Resources */ = {isa = PBXBuildFile; fileRef = F2E6E2001D6AF4E200DEF262 /* Base.lproj */; };
		F2E6E2071D6AF4E200DEF262 /* Image.imageset in Resources */ = {isa = PBXBuildFile; fileRef = F2E6E2011D6AF4E200DEF262 /* Image.imageset */; };
		F2E6E2081D6AF4E200DEF262 /* Images.xcassets in Resources */ = {isa = PBXBuildFile; fileRef = F2E6E2021D6AF4E200DEF262 /* Images.xcassets */; };
		F2E6E2091D6AF4E200DEF262 /* ResetPasswordConfirmTableViewController.swift in Sources */ = {isa = PBXBuildFile; fileRef = F2E6E2031D6AF4E200DEF262 /* ResetPasswordConfirmTableViewController.swift */; };
		F2E6E20A1D6AF4E200DEF262 /* ResetPasswordUserIDTableViewController.swift in Sources */ = {isa = PBXBuildFile; fileRef = F2E6E2041D6AF4E200DEF262 /* ResetPasswordUserIDTableViewController.swift */; };
		F2ED6D951C7BFD1600520468 /* StudentNotificationsTableViewController.swift in Sources */ = {isa = PBXBuildFile; fileRef = F2ED6D941C7BFD1600520468 /* StudentNotificationsTableViewController.swift */; };
		F2F7D52C1B944BF600E07304 /* StudentAuthenticationHelper.swift in Sources */ = {isa = PBXBuildFile; fileRef = F2F7D52B1B944BF600E07304 /* StudentAuthenticationHelper.swift */; };
		F2F7D52E1B944FA000E07304 /* StudentLoginViewController.swift in Sources */ = {isa = PBXBuildFile; fileRef = F2F7D52D1B944FA000E07304 /* StudentLoginViewController.swift */; };
		F2FD6FE61CF32D8900A35C2C /* SeatTokenQRCodeReaderViewController.swift in Sources */ = {isa = PBXBuildFile; fileRef = F2FD6FE51CF32D8900A35C2C /* SeatTokenQRCodeReaderViewController.swift */; };
		F2FD6FE81CF3435200A35C2C /* QRCodeReaderViewController.swift in Sources */ = {isa = PBXBuildFile; fileRef = F2FD6FE71CF3435200A35C2C /* QRCodeReaderViewController.swift */; };
/* End PBXBuildFile section */

/* Begin PBXContainerItemProxy section */
		F22DACA81B81AC2B00360027 /* PBXContainerItemProxy */ = {
			isa = PBXContainerItemProxy;
			containerPortal = F22DAC8A1B81AC2B00360027 /* Project object */;
			proxyType = 1;
			remoteGlobalIDString = F22DAC911B81AC2B00360027;
			remoteInfo = AdvancedClassStudent;
		};
/* End PBXContainerItemProxy section */

/* Begin PBXFileReference section */
		BF1012EA78EEA9878580A400 /* Pods-AdvancedClassStudent.release.xcconfig */ = {isa = PBXFileReference; includeInIndex = 1; lastKnownFileType = text.xcconfig; name = "Pods-AdvancedClassStudent.release.xcconfig"; path = "Pods/Target Support Files/Pods-AdvancedClassStudent/Pods-AdvancedClassStudent.release.xcconfig"; sourceTree = "<group>"; };
		D6BF08A497864571ACFE70DC /* Pods_AdvancedClassStudent.framework */ = {isa = PBXFileReference; explicitFileType = wrapper.framework; includeInIndex = 0; path = Pods_AdvancedClassStudent.framework; sourceTree = BUILT_PRODUCTS_DIR; };
		DE45D7382A8E48DDB5D149A0 /* Pods-AdvancedClassStudent.debug.xcconfig */ = {isa = PBXFileReference; includeInIndex = 1; lastKnownFileType = text.xcconfig; name = "Pods-AdvancedClassStudent.debug.xcconfig"; path = "Pods/Target Support Files/Pods-AdvancedClassStudent/Pods-AdvancedClassStudent.debug.xcconfig"; sourceTree = "<group>"; };
		F2140CAA1C7F010200598C5C /* StudentInfoPopoverTableViewController.swift */ = {isa = PBXFileReference; fileEncoding = 4; lastKnownFileType = sourcecode.swift; path = StudentInfoPopoverTableViewController.swift; sourceTree = "<group>"; };
		F21B8EAC1C9FDA6000791429 /* StudentTestQuestionListTableViewController.swift */ = {isa = PBXFileReference; fileEncoding = 4; lastKnownFileType = sourcecode.swift; path = StudentTestQuestionListTableViewController.swift; sourceTree = "<group>"; };
		F220E2791BB62C2000251C88 /* AdvancedClassStudent-Bridging-Header.h */ = {isa = PBXFileReference; lastKnownFileType = sourcecode.c.h; path = "AdvancedClassStudent-Bridging-Header.h"; sourceTree = "<group>"; };
		F220E27A1BB62C2100251C88 /* MBProgressHUD.h */ = {isa = PBXFileReference; fileEncoding = 4; lastKnownFileType = sourcecode.c.h; path = MBProgressHUD.h; sourceTree = "<group>"; };
		F220E27B1BB62C2100251C88 /* MBProgressHUD.m */ = {isa = PBXFileReference; fileEncoding = 4; lastKnownFileType = sourcecode.c.objc; path = MBProgressHUD.m; sourceTree = "<group>"; };
		F22DAC921B81AC2B00360027 /* AdvancedClassStudent.app */ = {isa = PBXFileReference; explicitFileType = wrapper.application; includeInIndex = 0; path = AdvancedClassStudent.app; sourceTree = BUILT_PRODUCTS_DIR; };
		F22DAC961B81AC2B00360027 /* Info.plist */ = {isa = PBXFileReference; lastKnownFileType = text.plist.xml; path = Info.plist; sourceTree = "<group>"; };
		F22DAC971B81AC2B00360027 /* AppDelegate.swift */ = {isa = PBXFileReference; lastKnownFileType = sourcecode.swift; path = AppDelegate.swift; sourceTree = "<group>"; };
		F22DAC9C1B81AC2B00360027 /* Base */ = {isa = PBXFileReference; lastKnownFileType = file.storyboard; name = Base; path = Base.lproj/Main.storyboard; sourceTree = "<group>"; };
		F22DACA11B81AC2B00360027 /* Base */ = {isa = PBXFileReference; lastKnownFileType = file.xib; name = Base; path = Base.lproj/LaunchScreen.xib; sourceTree = "<group>"; };
		F22DACA71B81AC2B00360027 /* AdvancedClassStudentTests.xctest */ = {isa = PBXFileReference; explicitFileType = wrapper.cfbundle; includeInIndex = 0; path = AdvancedClassStudentTests.xctest; sourceTree = BUILT_PRODUCTS_DIR; };
		F22DACAC1B81AC2B00360027 /* Info.plist */ = {isa = PBXFileReference; lastKnownFileType = text.plist.xml; path = Info.plist; sourceTree = "<group>"; };
		F22DACB71B81ACB600360027 /* StudentMultipleChoiceTableViewController.swift */ = {isa = PBXFileReference; fileEncoding = 4; lastKnownFileType = sourcecode.swift; path = StudentMultipleChoiceTableViewController.swift; sourceTree = "<group>"; };
		F22DACB91B81ACB600360027 /* StudentTestHelper.swift */ = {isa = PBXFileReference; fileEncoding = 4; lastKnownFileType = sourcecode.swift; path = StudentTestHelper.swift; sourceTree = "<group>"; };
		F22DACBA1B81ACB600360027 /* StudentPreTestViewController.swift */ = {isa = PBXFileReference; fileEncoding = 4; lastKnownFileType = sourcecode.swift; path = StudentPreTestViewController.swift; sourceTree = "<group>"; };
		F22DACBB1B81ACB600360027 /* StudentQuestion.swift */ = {isa = PBXFileReference; fileEncoding = 4; lastKnownFileType = sourcecode.swift; path = StudentQuestion.swift; sourceTree = "<group>"; };
		F22DACC31B81ACD500360027 /* AdvancedClassStudentTests.swift */ = {isa = PBXFileReference; fileEncoding = 4; lastKnownFileType = sourcecode.swift; path = AdvancedClassStudentTests.swift; sourceTree = "<group>"; };
		F23A572C1C7E0E740007EF5B /* SeatRowIndicator.swift */ = {isa = PBXFileReference; fileEncoding = 4; lastKnownFileType = sourcecode.swift; path = SeatRowIndicator.swift; sourceTree = "<group>"; };
		F241AE9E1B98170E00E30EAF /* StudentTest.swift */ = {isa = PBXFileReference; fileEncoding = 4; lastKnownFileType = sourcecode.swift; path = StudentTest.swift; sourceTree = "<group>"; };
		F241AEA41B98771000E30EAF /* StudentTestTableViewController.swift */ = {isa = PBXFileReference; fileEncoding = 4; lastKnownFileType = sourcecode.swift; path = StudentTestTableViewController.swift; sourceTree = "<group>"; };
		F246DEBA1B9C619B0058DEA6 /* Student.swift */ = {isa = PBXFileReference; fileEncoding = 4; lastKnownFileType = sourcecode.swift; path = Student.swift; sourceTree = "<group>"; };
		F246DEC21B9C654B0058DEA6 /* StudentCourse.swift */ = {isa = PBXFileReference; fileEncoding = 4; lastKnownFileType = sourcecode.swift; path = StudentCourse.swift; sourceTree = "<group>"; };
		F246DEC41B9C662E0058DEA6 /* Teacher.swift */ = {isa = PBXFileReference; fileEncoding = 4; lastKnownFileType = sourcecode.swift; path = Teacher.swift; sourceTree = "<group>"; };
		F24EA8491CF98A34003DD2A5 /* CourseTableViewCell.swift */ = {isa = PBXFileReference; fileEncoding = 4; lastKnownFileType = sourcecode.swift; path = CourseTableViewCell.swift; sourceTree = "<group>"; };
		F24EA84A1CF98A34003DD2A5 /* CourseTableViewCell.xib */ = {isa = PBXFileReference; fileEncoding = 4; lastKnownFileType = file.xib; path = CourseTableViewCell.xib; sourceTree = "<group>"; };
		F255B8921CF4407700D8D49A /* AbsenceTableViewController.swift */ = {isa = PBXFileReference; fileEncoding = 4; lastKnownFileType = sourcecode.swift; path = AbsenceTableViewController.swift; sourceTree = "<group>"; };
		F255B8931CF4407700D8D49A /* AskForLeaveTableViewController.swift */ = {isa = PBXFileReference; fileEncoding = 4; lastKnownFileType = sourcecode.swift; path = AskForLeaveTableViewController.swift; sourceTree = "<group>"; };
		F255B8941CF4407700D8D49A /* AttendanceTableViewController.swift */ = {isa = PBXFileReference; fileEncoding = 4; lastKnownFileType = sourcecode.swift; path = AttendanceTableViewController.swift; sourceTree = "<group>"; };
		F255B8951CF4407700D8D49A /* NewAskTableViewController.swift */ = {isa = PBXFileReference; fileEncoding = 4; lastKnownFileType = sourcecode.swift; path = NewAskTableViewController.swift; sourceTree = "<group>"; };
		F255B8961CF4407700D8D49A /* NewStatusAsksTableViewController.swift */ = {isa = PBXFileReference; fileEncoding = 4; lastKnownFileType = sourcecode.swift; path = NewStatusAsksTableViewController.swift; sourceTree = "<group>"; };
		F255B8971CF4407700D8D49A /* NewStatusAskTableViewCell.swift */ = {isa = PBXFileReference; fileEncoding = 4; lastKnownFileType = sourcecode.swift; path = NewStatusAskTableViewCell.swift; sourceTree = "<group>"; };
		F255B8981CF4407700D8D49A /* NewStatusAskTableViewCell.xib */ = {isa = PBXFileReference; fileEncoding = 4; lastKnownFileType = file.xib; path = NewStatusAskTableViewCell.xib; sourceTree = "<group>"; };
		F255B8991CF4407700D8D49A /* PostedAskTableViewController.swift */ = {isa = PBXFileReference; fileEncoding = 4; lastKnownFileType = sourcecode.swift; path = PostedAskTableViewController.swift; sourceTree = "<group>"; };
		F255B8A21CF4425A00D8D49A /* StudentAskForLeave.swift */ = {isa = PBXFileReference; fileEncoding = 4; lastKnownFileType = sourcecode.swift; path = StudentAskForLeave.swift; sourceTree = "<group>"; };
		F255B8A41CF443C200D8D49A /* PopupPickerView.swift */ = {isa = PBXFileReference; fileEncoding = 4; lastKnownFileType = sourcecode.swift; path = PopupPickerView.swift; sourceTree = "<group>"; };
		F255B8A61CF4692500D8D49A /* MyInfoTableViewCell.swift */ = {isa = PBXFileReference; fileEncoding = 4; lastKnownFileType = sourcecode.swift; path = MyInfoTableViewCell.swift; sourceTree = "<group>"; };
		F255B8A71CF4692500D8D49A /* MyInfoTableViewCell.xib */ = {isa = PBXFileReference; fileEncoding = 4; lastKnownFileType = file.xib; path = MyInfoTableViewCell.xib; sourceTree = "<group>"; };
		F25B8E041B9DB16400A2587E /* StudentCourseTableViewController.swift */ = {isa = PBXFileReference; fileEncoding = 4; lastKnownFileType = sourcecode.swift; path = StudentCourseTableViewController.swift; sourceTree = "<group>"; };
		F275AFAC1CA9FAC40009925B /* SeatColumnIndicator.swift */ = {isa = PBXFileReference; fileEncoding = 4; lastKnownFileType = sourcecode.swift; path = SeatColumnIndicator.swift; sourceTree = "<group>"; };
		F275AFAE1CA9FC210009925B /* StudentSeatSearchResultTableViewController.swift */ = {isa = PBXFileReference; fileEncoding = 4; lastKnownFileType = sourcecode.swift; path = StudentSeatSearchResultTableViewController.swift; sourceTree = "<group>"; };
		F275AFB01CA9FC430009925B /* StudentInfoCell.swift */ = {isa = PBXFileReference; fileEncoding = 4; lastKnownFileType = sourcecode.swift; path = StudentInfoCell.swift; sourceTree = "<group>"; };
		F275AFB11CA9FC430009925B /* StudentInfoCell.xib */ = {isa = PBXFileReference; fileEncoding = 4; lastKnownFileType = file.xib; path = StudentInfoCell.xib; sourceTree = "<group>"; };
		F275AFB41CAA04740009925B /* StudentNotificationContentTableViewController.swift */ = {isa = PBXFileReference; fileEncoding = 4; lastKnownFileType = sourcecode.swift; path = StudentNotificationContentTableViewController.swift; sourceTree = "<group>"; };
		F275AFB61CAA052D0009925B /* StudentCourseHelper.swift */ = {isa = PBXFileReference; fileEncoding = 4; lastKnownFileType = sourcecode.swift; path = StudentCourseHelper.swift; sourceTree = "<group>"; };
		F275AFB81CAA0C6D0009925B /* TestTableViewCell.swift */ = {isa = PBXFileReference; fileEncoding = 4; lastKnownFileType = sourcecode.swift; path = TestTableViewCell.swift; sourceTree = "<group>"; };
		F275AFB91CAA0C6D0009925B /* TestTableViewCell.xib */ = {isa = PBXFileReference; fileEncoding = 4; lastKnownFileType = file.xib; path = TestTableViewCell.xib; sourceTree = "<group>"; };
		F275AFBC1CAA0C7B0009925B /* StudentUnfinishedTestInfoTableViewController.swift */ = {isa = PBXFileReference; fileEncoding = 4; lastKnownFileType = sourcecode.swift; path = StudentUnfinishedTestInfoTableViewController.swift; sourceTree = "<group>"; };
		F275AFBE1CAA0CFC0009925B /* MyProgressBar.swift */ = {isa = PBXFileReference; fileEncoding = 4; lastKnownFileType = sourcecode.swift; path = MyProgressBar.swift; sourceTree = "<group>"; };
		F275AFC01CAA8F360009925B /* StudentFinishedTestInfoTableViewController.swift */ = {isa = PBXFileReference; fileEncoding = 4; lastKnownFileType = sourcecode.swift; path = StudentFinishedTestInfoTableViewController.swift; sourceTree = "<group>"; };
		F283BC7C1C9E9F9300E0396F /* StudentBaseQuestionTableViewController.swift */ = {isa = PBXFileReference; fileEncoding = 4; lastKnownFileType = sourcecode.swift; path = StudentBaseQuestionTableViewController.swift; sourceTree = "<group>"; };
		F283BC821C9EB4BC00E0396F /* Images.xcassets */ = {isa = PBXFileReference; lastKnownFileType = folder.assetcatalog; path = Images.xcassets; sourceTree = "<group>"; };
		F283BC851C9EBC4000E0396F /* StudentQuestionContentTableViewCell.xib */ = {isa = PBXFileReference; fileEncoding = 4; lastKnownFileType = file.xib; path = StudentQuestionContentTableViewCell.xib; sourceTree = "<group>"; };
		F283BC901C9ECF7100E0396F /* StudentMultipleChoiceTableViewCell.swift */ = {isa = PBXFileReference; fileEncoding = 4; lastKnownFileType = sourcecode.swift; path = StudentMultipleChoiceTableViewCell.swift; sourceTree = "<group>"; };
		F283BC911C9ECF7100E0396F /* StudentMultipleChoiceTableViewCell.xib */ = {isa = PBXFileReference; fileEncoding = 4; lastKnownFileType = file.xib; path = StudentMultipleChoiceTableViewCell.xib; sourceTree = "<group>"; };
		F283BC941C9ECFA100E0396F /* StudentQuestionContentTableViewCell.swift */ = {isa = PBXFileReference; fileEncoding = 4; lastKnownFileType = sourcecode.swift; path = StudentQuestionContentTableViewCell.swift; sourceTree = "<group>"; };
		F286A0E81C7DAA5400B1BD3A /* CourseActivityButton.swift */ = {isa = PBXFileReference; fileEncoding = 4; lastKnownFileType = sourcecode.swift; path = CourseActivityButton.swift; sourceTree = "<group>"; };
		F298D67E1CF0029200733600 /* FaceImage.swift */ = {isa = PBXFileReference; fileEncoding = 4; lastKnownFileType = sourcecode.swift; path = FaceImage.swift; sourceTree = "<group>"; };
		F298D67F1CF0029200733600 /* PhotoCollectionViewCell.swift */ = {isa = PBXFileReference; fileEncoding = 4; lastKnownFileType = sourcecode.swift; path = PhotoCollectionViewCell.swift; sourceTree = "<group>"; };
		F298D6801CF0029200733600 /* PhotoGalleryViewController.swift */ = {isa = PBXFileReference; fileEncoding = 4; lastKnownFileType = sourcecode.swift; path = PhotoGalleryViewController.swift; sourceTree = "<group>"; };
		F298D6811CF0029200733600 /* SinglePhotoCollectionViewCell.swift */ = {isa = PBXFileReference; fileEncoding = 4; lastKnownFileType = sourcecode.swift; path = SinglePhotoCollectionViewCell.swift; sourceTree = "<group>"; };
		F298D6821CF0029200733600 /* SinglePhotoViewController.swift */ = {isa = PBXFileReference; fileEncoding = 4; lastKnownFileType = sourcecode.swift; path = SinglePhotoViewController.swift; sourceTree = "<group>"; };
		F298D6881CF0031100733600 /* FaceHelper.swift */ = {isa = PBXFileReference; fileEncoding = 4; lastKnownFileType = sourcecode.swift; path = FaceHelper.swift; sourceTree = "<group>"; };
		F29957981B81B89D0003B64C /* StudentAnswerQuestionsViewController.swift */ = {isa = PBXFileReference; fileEncoding = 4; lastKnownFileType = sourcecode.swift; path = StudentAnswerQuestionsViewController.swift; sourceTree = "<group>"; };
		F2B5A5261BA99CFB00A4E38B /* Seat.swift */ = {isa = PBXFileReference; fileEncoding = 4; lastKnownFileType = sourcecode.swift; path = Seat.swift; sourceTree = "<group>"; };
		F2B5A5271BA99CFB00A4E38B /* SeatButton.swift */ = {isa = PBXFileReference; fileEncoding = 4; lastKnownFileType = sourcecode.swift; path = SeatButton.swift; sourceTree = "<group>"; };
		F2B5A5281BA99CFB00A4E38B /* SeatView.swift */ = {isa = PBXFileReference; fileEncoding = 4; lastKnownFileType = sourcecode.swift; path = SeatView.swift; sourceTree = "<group>"; };
		F2B5A5291BA99CFB00A4E38B /* StudentSeatHelper.swift */ = {isa = PBXFileReference; fileEncoding = 4; lastKnownFileType = sourcecode.swift; path = StudentSeatHelper.swift; sourceTree = "<group>"; };
		F2B5A52E1BA9A02F00A4E38B /* StudentChooseSeatViewController.swift */ = {isa = PBXFileReference; fileEncoding = 4; lastKnownFileType = sourcecode.swift; path = StudentChooseSeatViewController.swift; sourceTree = "<group>"; };
		F2B5A5301BA9A10F00A4E38B /* StudentCourseActivitiesViewController.swift */ = {isa = PBXFileReference; fileEncoding = 4; lastKnownFileType = sourcecode.swift; path = StudentCourseActivitiesViewController.swift; sourceTree = "<group>"; };
		F2B917C71CAD062A00ED9521 /* StudentMultipleChoiceResultTableViewController.swift */ = {isa = PBXFileReference; fileEncoding = 4; lastKnownFileType = sourcecode.swift; path = StudentMultipleChoiceResultTableViewController.swift; sourceTree = "<group>"; };
		F2B917C91CAD088200ED9521 /* StudentMultipleChoiceResultTableViewCell.swift */ = {isa = PBXFileReference; fileEncoding = 4; lastKnownFileType = sourcecode.swift; path = StudentMultipleChoiceResultTableViewCell.swift; sourceTree = "<group>"; };
		F2B917CA1CAD088200ED9521 /* StudentMultipleChoiceResultTableViewCell.xib */ = {isa = PBXFileReference; fileEncoding = 4; lastKnownFileType = file.xib; path = StudentMultipleChoiceResultTableViewCell.xib; sourceTree = "<group>"; };
		F2B917CD1CAD0DA900ED9521 /* StudentUntakenTestInfoTableViewController.swift */ = {isa = PBXFileReference; fileEncoding = 4; lastKnownFileType = sourcecode.swift; path = StudentUntakenTestInfoTableViewController.swift; sourceTree = "<group>"; };
		F2B992791C78128500A8DE18 /* TimesAndRooms.swift */ = {isa = PBXFileReference; fileEncoding = 4; lastKnownFileType = sourcecode.swift; path = TimesAndRooms.swift; sourceTree = "<group>"; };
		F2B9928E1C781B3800A8DE18 /* Errors.swift */ = {isa = PBXFileReference; fileEncoding = 4; lastKnownFileType = sourcecode.swift; path = Errors.swift; sourceTree = "<group>"; };
		F2B992901C782B6400A8DE18 /* Generals.swift */ = {isa = PBXFileReference; fileEncoding = 4; lastKnownFileType = sourcecode.swift; path = Generals.swift; sourceTree = "<group>"; };
		F2BCB68D1BBFF5D200BF14F1 /* StudentNotificationViewController.swift */ = {isa = PBXFileReference; fileEncoding = 4; lastKnownFileType = sourcecode.swift; path = StudentNotificationViewController.swift; sourceTree = "<group>"; };
		F2C916351CEF072E0058AD60 /* MeTableViewController.swift */ = {isa = PBXFileReference; fileEncoding = 4; lastKnownFileType = sourcecode.swift; path = MeTableViewController.swift; sourceTree = "<group>"; };
		F2C916371CEF08500058AD60 /* ModifyPasswordTableViewController.swift */ = {isa = PBXFileReference; fileEncoding = 4; lastKnownFileType = sourcecode.swift; path = ModifyPasswordTableViewController.swift; sourceTree = "<group>"; };
		F2D785331BB4E13F00B6DC9A /* StudentTestResultsViewController.swift */ = {isa = PBXFileReference; fileEncoding = 4; lastKnownFileType = sourcecode.swift; path = StudentTestResultsViewController.swift; sourceTree = "<group>"; };
		F2E3DA3D1B96EDA600945513 /* DateTimeHelper.swift */ = {isa = PBXFileReference; fileEncoding = 4; lastKnownFileType = sourcecode.swift; path = DateTimeHelper.swift; sourceTree = "<group>"; };
		F2E6E1FD1D6A83B200DEF262 /* EmailTableViewController.swift */ = {isa = PBXFileReference; fileEncoding = 4; lastKnownFileType = sourcecode.swift; path = EmailTableViewController.swift; sourceTree = "<group>"; };
		F2E6E2001D6AF4E200DEF262 /* Base.lproj */ = {isa = PBXFileReference; lastKnownFileType = folder; path = Base.lproj; sourceTree = "<group>"; };
		F2E6E2011D6AF4E200DEF262 /* Image.imageset */ = {isa = PBXFileReference; lastKnownFileType = folder; path = Image.imageset; sourceTree = "<group>"; };
		F2E6E2021D6AF4E200DEF262 /* Images.xcassets */ = {isa = PBXFileReference; lastKnownFileType = folder.assetcatalog; path = Images.xcassets; sourceTree = "<group>"; };
		F2E6E2031D6AF4E200DEF262 /* ResetPasswordConfirmTableViewController.swift */ = {isa = PBXFileReference; fileEncoding = 4; lastKnownFileType = sourcecode.swift; path = ResetPasswordConfirmTableViewController.swift; sourceTree = "<group>"; };
		F2E6E2041D6AF4E200DEF262 /* ResetPasswordUserIDTableViewController.swift */ = {isa = PBXFileReference; fileEncoding = 4; lastKnownFileType = sourcecode.swift; path = ResetPasswordUserIDTableViewController.swift; sourceTree = "<group>"; };
		F2ED6D941C7BFD1600520468 /* StudentNotificationsTableViewController.swift */ = {isa = PBXFileReference; fileEncoding = 4; lastKnownFileType = sourcecode.swift; path = StudentNotificationsTableViewController.swift; sourceTree = "<group>"; };
		F2F7D52B1B944BF600E07304 /* StudentAuthenticationHelper.swift */ = {isa = PBXFileReference; fileEncoding = 4; lastKnownFileType = sourcecode.swift; path = StudentAuthenticationHelper.swift; sourceTree = "<group>"; };
		F2F7D52D1B944FA000E07304 /* StudentLoginViewController.swift */ = {isa = PBXFileReference; fileEncoding = 4; lastKnownFileType = sourcecode.swift; path = StudentLoginViewController.swift; sourceTree = "<group>"; };
		F2FD6FE51CF32D8900A35C2C /* SeatTokenQRCodeReaderViewController.swift */ = {isa = PBXFileReference; fileEncoding = 4; lastKnownFileType = sourcecode.swift; path = SeatTokenQRCodeReaderViewController.swift; sourceTree = "<group>"; };
		F2FD6FE71CF3435200A35C2C /* QRCodeReaderViewController.swift */ = {isa = PBXFileReference; fileEncoding = 4; lastKnownFileType = sourcecode.swift; path = QRCodeReaderViewController.swift; sourceTree = "<group>"; };
/* End PBXFileReference section */

/* Begin PBXFrameworksBuildPhase section */
		F22DAC8F1B81AC2B00360027 /* Frameworks */ = {
			isa = PBXFrameworksBuildPhase;
			buildActionMask = 2147483647;
			files = (
				3273DCD05B569D999A6D10F7 /* Pods_AdvancedClassStudent.framework in Frameworks */,
			);
			runOnlyForDeploymentPostprocessing = 0;
		};
		F22DACA41B81AC2B00360027 /* Frameworks */ = {
			isa = PBXFrameworksBuildPhase;
			buildActionMask = 2147483647;
			files = (
			);
			runOnlyForDeploymentPostprocessing = 0;
		};
/* End PBXFrameworksBuildPhase section */

/* Begin PBXGroup section */
		EA8BE66BFD80579A9414BE50 /* Pods */ = {
			isa = PBXGroup;
			children = (
				DE45D7382A8E48DDB5D149A0 /* Pods-AdvancedClassStudent.debug.xcconfig */,
				BF1012EA78EEA9878580A400 /* Pods-AdvancedClassStudent.release.xcconfig */,
			);
			name = Pods;
			sourceTree = "<group>";
		};
		EF448B5FE1E1099341AD64F7 /* Frameworks */ = {
			isa = PBXGroup;
			children = (
				D6BF08A497864571ACFE70DC /* Pods_AdvancedClassStudent.framework */,
			);
			name = Frameworks;
			sourceTree = "<group>";
		};
		F22DAC891B81AC2B00360027 = {
			isa = PBXGroup;
			children = (
				F22DAC941B81AC2B00360027 /* AdvancedClassStudent */,
				F22DACAA1B81AC2B00360027 /* AdvancedClassStudentTests */,
				F22DAC931B81AC2B00360027 /* Products */,
				EA8BE66BFD80579A9414BE50 /* Pods */,
				EF448B5FE1E1099341AD64F7 /* Frameworks */,
			);
			sourceTree = "<group>";
		};
		F22DAC931B81AC2B00360027 /* Products */ = {
			isa = PBXGroup;
			children = (
				F22DAC921B81AC2B00360027 /* AdvancedClassStudent.app */,
				F22DACA71B81AC2B00360027 /* AdvancedClassStudentTests.xctest */,
			);
			name = Products;
			sourceTree = "<group>";
		};
		F22DAC941B81AC2B00360027 /* AdvancedClassStudent */ = {
			isa = PBXGroup;
			children = (
				F2E6E2001D6AF4E200DEF262 /* Base.lproj */,
				F2E6E2011D6AF4E200DEF262 /* Image.imageset */,
				F2E6E2021D6AF4E200DEF262 /* Images.xcassets */,
				F2E6E2031D6AF4E200DEF262 /* ResetPasswordConfirmTableViewController.swift */,
				F2E6E2041D6AF4E200DEF262 /* ResetPasswordUserIDTableViewController.swift */,
				F255B8921CF4407700D8D49A /* AbsenceTableViewController.swift */,
				F220E2791BB62C2000251C88 /* AdvancedClassStudent-Bridging-Header.h */,
				F22DAC971B81AC2B00360027 /* AppDelegate.swift */,
				F255B8931CF4407700D8D49A /* AskForLeaveTableViewController.swift */,
				F255B8941CF4407700D8D49A /* AttendanceTableViewController.swift */,
				F286A0E81C7DAA5400B1BD3A /* CourseActivityButton.swift */,
				F24EA8491CF98A34003DD2A5 /* CourseTableViewCell.swift */,
				F24EA84A1CF98A34003DD2A5 /* CourseTableViewCell.xib */,
				F2E3DA3D1B96EDA600945513 /* DateTimeHelper.swift */,
				F2E6E1FD1D6A83B200DEF262 /* EmailTableViewController.swift */,
				F2B9928E1C781B3800A8DE18 /* Errors.swift */,
				F298D67D1CF0028400733600 /* Face */,
				F2B992901C782B6400A8DE18 /* Generals.swift */,
				F283BC821C9EB4BC00E0396F /* Images.xcassets */,
				F22DACA01B81AC2B00360027 /* LaunchScreen.xib */,
				F22DAC9B1B81AC2B00360027 /* Main.storyboard */,
				F220E27A1BB62C2100251C88 /* MBProgressHUD.h */,
				F220E27B1BB62C2100251C88 /* MBProgressHUD.m */,
				F2C916351CEF072E0058AD60 /* MeTableViewController.swift */,
				F2C916371CEF08500058AD60 /* ModifyPasswordTableViewController.swift */,
				F255B8A61CF4692500D8D49A /* MyInfoTableViewCell.swift */,
				F255B8A71CF4692500D8D49A /* MyInfoTableViewCell.xib */,
				F275AFBE1CAA0CFC0009925B /* MyProgressBar.swift */,
				F255B8951CF4407700D8D49A /* NewAskTableViewController.swift */,
				F255B8961CF4407700D8D49A /* NewStatusAsksTableViewController.swift */,
				F255B8971CF4407700D8D49A /* NewStatusAskTableViewCell.swift */,
				F255B8981CF4407700D8D49A /* NewStatusAskTableViewCell.xib */,
				F255B8A41CF443C200D8D49A /* PopupPickerView.swift */,
				F255B8991CF4407700D8D49A /* PostedAskTableViewController.swift */,
				F2FD6FE71CF3435200A35C2C /* QRCodeReaderViewController.swift */,
				F2B5A5261BA99CFB00A4E38B /* Seat.swift */,
				F2B5A5271BA99CFB00A4E38B /* SeatButton.swift */,
				F275AFAC1CA9FAC40009925B /* SeatColumnIndicator.swift */,
				F23A572C1C7E0E740007EF5B /* SeatRowIndicator.swift */,
				F2FD6FE51CF32D8900A35C2C /* SeatTokenQRCodeReaderViewController.swift */,
				F2B5A5281BA99CFB00A4E38B /* SeatView.swift */,
				F246DEBA1B9C619B0058DEA6 /* Student.swift */,
				F29957981B81B89D0003B64C /* StudentAnswerQuestionsViewController.swift */,
				F255B8A21CF4425A00D8D49A /* StudentAskForLeave.swift */,
				F2F7D52B1B944BF600E07304 /* StudentAuthenticationHelper.swift */,
				F283BC7C1C9E9F9300E0396F /* StudentBaseQuestionTableViewController.swift */,
				F2B5A52E1BA9A02F00A4E38B /* StudentChooseSeatViewController.swift */,
				F246DEC21B9C654B0058DEA6 /* StudentCourse.swift */,
				F2B5A5301BA9A10F00A4E38B /* StudentCourseActivitiesViewController.swift */,
				F275AFB61CAA052D0009925B /* StudentCourseHelper.swift */,
				F25B8E041B9DB16400A2587E /* StudentCourseTableViewController.swift */,
				F275AFC01CAA8F360009925B /* StudentFinishedTestInfoTableViewController.swift */,
				F275AFB01CA9FC430009925B /* StudentInfoCell.swift */,
				F275AFB11CA9FC430009925B /* StudentInfoCell.xib */,
				F2140CAA1C7F010200598C5C /* StudentInfoPopoverTableViewController.swift */,
				F2F7D52D1B944FA000E07304 /* StudentLoginViewController.swift */,
				F2B917C91CAD088200ED9521 /* StudentMultipleChoiceResultTableViewCell.swift */,
				F2B917CA1CAD088200ED9521 /* StudentMultipleChoiceResultTableViewCell.xib */,
				F2B917C71CAD062A00ED9521 /* StudentMultipleChoiceResultTableViewController.swift */,
				F283BC901C9ECF7100E0396F /* StudentMultipleChoiceTableViewCell.swift */,
				F283BC911C9ECF7100E0396F /* StudentMultipleChoiceTableViewCell.xib */,
				F22DACB71B81ACB600360027 /* StudentMultipleChoiceTableViewController.swift */,
				F275AFB41CAA04740009925B /* StudentNotificationContentTableViewController.swift */,
				F2ED6D941C7BFD1600520468 /* StudentNotificationsTableViewController.swift */,
				F2BCB68D1BBFF5D200BF14F1 /* StudentNotificationViewController.swift */,
				F22DACBA1B81ACB600360027 /* StudentPreTestViewController.swift */,
				F22DACBB1B81ACB600360027 /* StudentQuestion.swift */,
				F283BC941C9ECFA100E0396F /* StudentQuestionContentTableViewCell.swift */,
				F283BC851C9EBC4000E0396F /* StudentQuestionContentTableViewCell.xib */,
				F2B5A5291BA99CFB00A4E38B /* StudentSeatHelper.swift */,
				F275AFAE1CA9FC210009925B /* StudentSeatSearchResultTableViewController.swift */,
				F241AE9E1B98170E00E30EAF /* StudentTest.swift */,
				F22DACB91B81ACB600360027 /* StudentTestHelper.swift */,
				F21B8EAC1C9FDA6000791429 /* StudentTestQuestionListTableViewController.swift */,
				F2D785331BB4E13F00B6DC9A /* StudentTestResultsViewController.swift */,
				F241AEA41B98771000E30EAF /* StudentTestTableViewController.swift */,
				F275AFBC1CAA0C7B0009925B /* StudentUnfinishedTestInfoTableViewController.swift */,
				F2B917CD1CAD0DA900ED9521 /* StudentUntakenTestInfoTableViewController.swift */,
				F22DAC951B81AC2B00360027 /* Supporting Files */,
				F246DEC41B9C662E0058DEA6 /* Teacher.swift */,
				F275AFB81CAA0C6D0009925B /* TestTableViewCell.swift */,
				F275AFB91CAA0C6D0009925B /* TestTableViewCell.xib */,
				F2B992791C78128500A8DE18 /* TimesAndRooms.swift */,
			);
			path = AdvancedClassStudent;
			sourceTree = "<group>";
		};
		F22DAC951B81AC2B00360027 /* Supporting Files */ = {
			isa = PBXGroup;
			children = (
				F22DAC961B81AC2B00360027 /* Info.plist */,
			);
			name = "Supporting Files";
			sourceTree = "<group>";
		};
		F22DACAA1B81AC2B00360027 /* AdvancedClassStudentTests */ = {
			isa = PBXGroup;
			children = (
				F22DACC31B81ACD500360027 /* AdvancedClassStudentTests.swift */,
				F22DACAB1B81AC2B00360027 /* Supporting Files */,
			);
			path = AdvancedClassStudentTests;
			sourceTree = "<group>";
		};
		F22DACAB1B81AC2B00360027 /* Supporting Files */ = {
			isa = PBXGroup;
			children = (
				F22DACAC1B81AC2B00360027 /* Info.plist */,
			);
			name = "Supporting Files";
			sourceTree = "<group>";
		};
		F298D67D1CF0028400733600 /* Face */ = {
			isa = PBXGroup;
			children = (
				F298D6881CF0031100733600 /* FaceHelper.swift */,
				F298D67E1CF0029200733600 /* FaceImage.swift */,
				F298D67F1CF0029200733600 /* PhotoCollectionViewCell.swift */,
				F298D6801CF0029200733600 /* PhotoGalleryViewController.swift */,
				F298D6811CF0029200733600 /* SinglePhotoCollectionViewCell.swift */,
				F298D6821CF0029200733600 /* SinglePhotoViewController.swift */,
			);
			name = Face;
			sourceTree = "<group>";
		};
/* End PBXGroup section */

/* Begin PBXNativeTarget section */
		F22DAC911B81AC2B00360027 /* AdvancedClassStudent */ = {
			isa = PBXNativeTarget;
			buildConfigurationList = F22DACB11B81AC2B00360027 /* Build configuration list for PBXNativeTarget "AdvancedClassStudent" */;
			buildPhases = (
				D6D6BF8F0B0065D2F36F4A05 /* [CP] Check Pods Manifest.lock */,
				F22DAC8E1B81AC2B00360027 /* Sources */,
				F22DAC8F1B81AC2B00360027 /* Frameworks */,
				F22DAC901B81AC2B00360027 /* Resources */,
				41EC156F34755A4292BFE446 /* [CP] Embed Pods Frameworks */,
				AB61698BE2C9A3E90EFF7607 /* [CP] Copy Pods Resources */,
			);
			buildRules = (
			);
			dependencies = (
			);
			name = AdvancedClassStudent;
			productName = AdvancedClassStudent;
			productReference = F22DAC921B81AC2B00360027 /* AdvancedClassStudent.app */;
			productType = "com.apple.product-type.application";
		};
		F22DACA61B81AC2B00360027 /* AdvancedClassStudentTests */ = {
			isa = PBXNativeTarget;
			buildConfigurationList = F22DACB41B81AC2B00360027 /* Build configuration list for PBXNativeTarget "AdvancedClassStudentTests" */;
			buildPhases = (
				F22DACA31B81AC2B00360027 /* Sources */,
				F22DACA41B81AC2B00360027 /* Frameworks */,
				F22DACA51B81AC2B00360027 /* Resources */,
			);
			buildRules = (
			);
			dependencies = (
				F22DACA91B81AC2B00360027 /* PBXTargetDependency */,
			);
			name = AdvancedClassStudentTests;
			productName = AdvancedClassStudentTests;
			productReference = F22DACA71B81AC2B00360027 /* AdvancedClassStudentTests.xctest */;
			productType = "com.apple.product-type.bundle.unit-test";
		};
/* End PBXNativeTarget section */

/* Begin PBXProject section */
		F22DAC8A1B81AC2B00360027 /* Project object */ = {
			isa = PBXProject;
			attributes = {
				LastSwiftMigration = 0730;
				LastSwiftUpdateCheck = 0700;
				LastUpgradeCheck = 0700;
				ORGANIZATIONNAME = Harold;
				TargetAttributes = {
					F22DAC911B81AC2B00360027 = {
						CreatedOnToolsVersion = 6.4;
						DevelopmentTeam = G939QJ6E49;
					};
					F22DACA61B81AC2B00360027 = {
						CreatedOnToolsVersion = 6.4;
						TestTargetID = F22DAC911B81AC2B00360027;
					};
				};
			};
			buildConfigurationList = F22DAC8D1B81AC2B00360027 /* Build configuration list for PBXProject "AdvancedClassStudent" */;
			compatibilityVersion = "Xcode 3.2";
			developmentRegion = English;
			hasScannedForEncodings = 0;
			knownRegions = (
				en,
				Base,
			);
			mainGroup = F22DAC891B81AC2B00360027;
			productRefGroup = F22DAC931B81AC2B00360027 /* Products */;
			projectDirPath = "";
			projectRoot = "";
			targets = (
				F22DAC911B81AC2B00360027 /* AdvancedClassStudent */,
				F22DACA61B81AC2B00360027 /* AdvancedClassStudentTests */,
			);
		};
/* End PBXProject section */

/* Begin PBXResourcesBuildPhase section */
		F22DAC901B81AC2B00360027 /* Resources */ = {
			isa = PBXResourcesBuildPhase;
			buildActionMask = 2147483647;
			files = (
				F283BC831C9EB4BC00E0396F /* Images.xcassets in Resources */,
				F24EA84C1CF98A34003DD2A5 /* CourseTableViewCell.xib in Resources */,
				F22DAC9D1B81AC2B00360027 /* Main.storyboard in Resources */,
				F22DACA21B81AC2B00360027 /* LaunchScreen.xib in Resources */,
				F2E6E2071D6AF4E200DEF262 /* Image.imageset in Resources */,
				F283BC871C9EBC4000E0396F /* StudentQuestionContentTableViewCell.xib in Resources */,
				F275AFBB1CAA0C6D0009925B /* TestTableViewCell.xib in Resources */,
				F255B8A01CF4407700D8D49A /* NewStatusAskTableViewCell.xib in Resources */,
				F2B917CC1CAD088200ED9521 /* StudentMultipleChoiceResultTableViewCell.xib in Resources */,
				F2E6E2081D6AF4E200DEF262 /* Images.xcassets in Resources */,
				F283BC931C9ECF7100E0396F /* StudentMultipleChoiceTableViewCell.xib in Resources */,
				F275AFB31CA9FC430009925B /* StudentInfoCell.xib in Resources */,
				F2E6E2061D6AF4E200DEF262 /* Base.lproj in Resources */,
				F255B8A91CF4692500D8D49A /* MyInfoTableViewCell.xib in Resources */,
			);
			runOnlyForDeploymentPostprocessing = 0;
		};
		F22DACA51B81AC2B00360027 /* Resources */ = {
			isa = PBXResourcesBuildPhase;
			buildActionMask = 2147483647;
			files = (
			);
			runOnlyForDeploymentPostprocessing = 0;
		};
/* End PBXResourcesBuildPhase section */

/* Begin PBXShellScriptBuildPhase section */
		41EC156F34755A4292BFE446 /* [CP] Embed Pods Frameworks */ = {
			isa = PBXShellScriptBuildPhase;
			buildActionMask = 2147483647;
			files = (
			);
			inputPaths = (
			);
			name = "[CP] Embed Pods Frameworks";
			outputPaths = (
			);
			runOnlyForDeploymentPostprocessing = 0;
			shellPath = /bin/sh;
			shellScript = "\"${SRCROOT}/Pods/Target Support Files/Pods-AdvancedClassStudent/Pods-AdvancedClassStudent-frameworks.sh\"\n";
			showEnvVarsInLog = 0;
		};
		AB61698BE2C9A3E90EFF7607 /* [CP] Copy Pods Resources */ = {
			isa = PBXShellScriptBuildPhase;
			buildActionMask = 2147483647;
			files = (
			);
			inputPaths = (
			);
			name = "[CP] Copy Pods Resources";
			outputPaths = (
			);
			runOnlyForDeploymentPostprocessing = 0;
			shellPath = /bin/sh;
			shellScript = "\"${SRCROOT}/Pods/Target Support Files/Pods-AdvancedClassStudent/Pods-AdvancedClassStudent-resources.sh\"\n";
			showEnvVarsInLog = 0;
		};
		D6D6BF8F0B0065D2F36F4A05 /* [CP] Check Pods Manifest.lock */ = {
			isa = PBXShellScriptBuildPhase;
			buildActionMask = 2147483647;
			files = (
			);
			inputPaths = (
			);
			name = "[CP] Check Pods Manifest.lock";
			outputPaths = (
			);
			runOnlyForDeploymentPostprocessing = 0;
			shellPath = /bin/sh;
			shellScript = "diff \"${PODS_ROOT}/../Podfile.lock\" \"${PODS_ROOT}/Manifest.lock\" > /dev/null\nif [[ $? != 0 ]] ; then\n    cat << EOM\nerror: The sandbox is not in sync with the Podfile.lock. Run 'pod install' or update your CocoaPods installation.\nEOM\n    exit 1\nfi\n";
			showEnvVarsInLog = 0;
		};
/* End PBXShellScriptBuildPhase section */

/* Begin PBXSourcesBuildPhase section */
		F22DAC8E1B81AC2B00360027 /* Sources */ = {
			isa = PBXSourcesBuildPhase;
			buildActionMask = 2147483647;
			files = (
				F255B89C1CF4407700D8D49A /* AttendanceTableViewController.swift in Sources */,
				F2E6E1FE1D6A83B200DEF262 /* EmailTableViewController.swift in Sources */,
				F2C916381CEF08500058AD60 /* ModifyPasswordTableViewController.swift in Sources */,
				F2D785341BB4E13F00B6DC9A /* StudentTestResultsViewController.swift in Sources */,
				F283BC951C9ECFA100E0396F /* StudentQuestionContentTableViewCell.swift in Sources */,
				F246DEC31B9C654B0058DEA6 /* StudentCourse.swift in Sources */,
				F2B917CE1CAD0DA900ED9521 /* StudentUntakenTestInfoTableViewController.swift in Sources */,
				F2ED6D951C7BFD1600520468 /* StudentNotificationsTableViewController.swift in Sources */,
				F2F7D52E1B944FA000E07304 /* StudentLoginViewController.swift in Sources */,
				F2E6E2091D6AF4E200DEF262 /* ResetPasswordConfirmTableViewController.swift in Sources */,
				F2F7D52C1B944BF600E07304 /* StudentAuthenticationHelper.swift in Sources */,
				F2B5A52B1BA99CFB00A4E38B /* SeatButton.swift in Sources */,
				F2B5A5311BA9A10F00A4E38B /* StudentCourseActivitiesViewController.swift in Sources */,
				F255B89D1CF4407700D8D49A /* NewAskTableViewController.swift in Sources */,
				F22DACC11B81ACB600360027 /* StudentQuestion.swift in Sources */,
				F2B5A52D1BA99CFB00A4E38B /* StudentSeatHelper.swift in Sources */,
				F2FD6FE61CF32D8900A35C2C /* SeatTokenQRCodeReaderViewController.swift in Sources */,
				F220E27C1BB62C2100251C88 /* MBProgressHUD.m in Sources */,
				F298D6871CF0029200733600 /* SinglePhotoViewController.swift in Sources */,
				F2BCB68E1BBFF5D200BF14F1 /* StudentNotificationViewController.swift in Sources */,
				F275AFAF1CA9FC210009925B /* StudentSeatSearchResultTableViewController.swift in Sources */,
				F275AFC11CAA8F360009925B /* StudentFinishedTestInfoTableViewController.swift in Sources */,
				F255B8A31CF4425A00D8D49A /* StudentAskForLeave.swift in Sources */,
				F2E6E20A1D6AF4E200DEF262 /* ResetPasswordUserIDTableViewController.swift in Sources */,
				F241AE9F1B98170E00E30EAF /* StudentTest.swift in Sources */,
				F298D6861CF0029200733600 /* SinglePhotoCollectionViewCell.swift in Sources */,
				F255B89E1CF4407700D8D49A /* NewStatusAsksTableViewController.swift in Sources */,
				F255B89B1CF4407700D8D49A /* AskForLeaveTableViewController.swift in Sources */,
				F2B5A52C1BA99CFB00A4E38B /* SeatView.swift in Sources */,
				F25B8E051B9DB16400A2587E /* StudentCourseTableViewController.swift in Sources */,
				F246DEBB1B9C619B0058DEA6 /* Student.swift in Sources */,
				F23A572D1C7E0E740007EF5B /* SeatRowIndicator.swift in Sources */,
				F275AFB51CAA04740009925B /* StudentNotificationContentTableViewController.swift in Sources */,
				F2B5A52A1BA99CFB00A4E38B /* Seat.swift in Sources */,
				F275AFBA1CAA0C6D0009925B /* TestTableViewCell.swift in Sources */,
				F298D6831CF0029200733600 /* FaceImage.swift in Sources */,
				F275AFB21CA9FC430009925B /* StudentInfoCell.swift in Sources */,
				F275AFAD1CA9FAC40009925B /* SeatColumnIndicator.swift in Sources */,
				F255B89A1CF4407700D8D49A /* AbsenceTableViewController.swift in Sources */,
				F24EA84B1CF98A34003DD2A5 /* CourseTableViewCell.swift in Sources */,
				F22DACBD1B81ACB600360027 /* StudentMultipleChoiceTableViewController.swift in Sources */,
				F22DACBF1B81ACB600360027 /* StudentTestHelper.swift in Sources */,
				F275AFB71CAA052D0009925B /* StudentCourseHelper.swift in Sources */,
				F2B9927A1C78128500A8DE18 /* TimesAndRooms.swift in Sources */,
				F2B5A52F1BA9A02F00A4E38B /* StudentChooseSeatViewController.swift in Sources */,
				F286A0E91C7DAA5400B1BD3A /* CourseActivityButton.swift in Sources */,
				F283BC7D1C9E9F9300E0396F /* StudentBaseQuestionTableViewController.swift in Sources */,
				F246DEC51B9C662E0058DEA6 /* Teacher.swift in Sources */,
				F283BC921C9ECF7100E0396F /* StudentMultipleChoiceTableViewCell.swift in Sources */,
				F241AEA51B98771000E30EAF /* StudentTestTableViewController.swift in Sources */,
				F22DAC981B81AC2B00360027 /* AppDelegate.swift in Sources */,
				F298D6891CF0031100733600 /* FaceHelper.swift in Sources */,
				F298D6841CF0029200733600 /* PhotoCollectionViewCell.swift in Sources */,
				F2B992911C782B6400A8DE18 /* Generals.swift in Sources */,
				F2B917C81CAD062A00ED9521 /* StudentMultipleChoiceResultTableViewController.swift in Sources */,
				F2140CAB1C7F010200598C5C /* StudentInfoPopoverTableViewController.swift in Sources */,
				F2E3DA3E1B96EDA600945513 /* DateTimeHelper.swift in Sources */,
				F29957991B81B89D0003B64C /* StudentAnswerQuestionsViewController.swift in Sources */,
				F2B917CB1CAD088200ED9521 /* StudentMultipleChoiceResultTableViewCell.swift in Sources */,
				F21B8EAD1C9FDA6000791429 /* StudentTestQuestionListTableViewController.swift in Sources */,
				F2B9928F1C781B3800A8DE18 /* Errors.swift in Sources */,
				F22DACC01B81ACB600360027 /* StudentPreTestViewController.swift in Sources */,
				F298D6851CF0029200733600 /* PhotoGalleryViewController.swift in Sources */,
				F255B8A51CF443C200D8D49A /* PopupPickerView.swift in Sources */,
				F255B8A81CF4692500D8D49A /* MyInfoTableViewCell.swift in Sources */,
				F255B8A11CF4407700D8D49A /* PostedAskTableViewController.swift in Sources */,
				F275AFBF1CAA0CFC0009925B /* MyProgressBar.swift in Sources */,
				F2FD6FE81CF3435200A35C2C /* QRCodeReaderViewController.swift in Sources */,
				F275AFBD1CAA0C7B0009925B /* StudentUnfinishedTestInfoTableViewController.swift in Sources */,
				F255B89F1CF4407700D8D49A /* NewStatusAskTableViewCell.swift in Sources */,
				F2C916361CEF072E0058AD60 /* MeTableViewController.swift in Sources */,
			);
			runOnlyForDeploymentPostprocessing = 0;
		};
		F22DACA31B81AC2B00360027 /* Sources */ = {
			isa = PBXSourcesBuildPhase;
			buildActionMask = 2147483647;
			files = (
				F22DACC41B81ACD500360027 /* AdvancedClassStudentTests.swift in Sources */,
			);
			runOnlyForDeploymentPostprocessing = 0;
		};
/* End PBXSourcesBuildPhase section */

/* Begin PBXTargetDependency section */
		F22DACA91B81AC2B00360027 /* PBXTargetDependency */ = {
			isa = PBXTargetDependency;
			target = F22DAC911B81AC2B00360027 /* AdvancedClassStudent */;
			targetProxy = F22DACA81B81AC2B00360027 /* PBXContainerItemProxy */;
		};
/* End PBXTargetDependency section */

/* Begin PBXVariantGroup section */
		F22DAC9B1B81AC2B00360027 /* Main.storyboard */ = {
			isa = PBXVariantGroup;
			children = (
				F22DAC9C1B81AC2B00360027 /* Base */,
			);
			name = Main.storyboard;
			sourceTree = "<group>";
		};
		F22DACA01B81AC2B00360027 /* LaunchScreen.xib */ = {
			isa = PBXVariantGroup;
			children = (
				F22DACA11B81AC2B00360027 /* Base */,
			);
			name = LaunchScreen.xib;
			sourceTree = "<group>";
		};
/* End PBXVariantGroup section */

/* Begin XCBuildConfiguration section */
		F22DACAF1B81AC2B00360027 /* Debug */ = {
			isa = XCBuildConfiguration;
			buildSettings = {
				ALWAYS_SEARCH_USER_PATHS = NO;
				CLANG_CXX_LANGUAGE_STANDARD = "gnu++0x";
				CLANG_CXX_LIBRARY = "libc++";
				CLANG_ENABLE_MODULES = YES;
				CLANG_ENABLE_OBJC_ARC = YES;
				CLANG_WARN_BOOL_CONVERSION = YES;
				CLANG_WARN_CONSTANT_CONVERSION = YES;
				CLANG_WARN_DIRECT_OBJC_ISA_USAGE = YES_ERROR;
				CLANG_WARN_EMPTY_BODY = YES;
				CLANG_WARN_ENUM_CONVERSION = YES;
				CLANG_WARN_INT_CONVERSION = YES;
				CLANG_WARN_OBJC_ROOT_CLASS = YES_ERROR;
				CLANG_WARN_UNREACHABLE_CODE = YES;
				CLANG_WARN__DUPLICATE_METHOD_MATCH = YES;
				"CODE_SIGN_IDENTITY[sdk=iphoneos*]" = "iPhone Developer";
				COPY_PHASE_STRIP = NO;
				DEBUG_INFORMATION_FORMAT = "dwarf-with-dsym";
				ENABLE_STRICT_OBJC_MSGSEND = YES;
				ENABLE_TESTABILITY = YES;
				GCC_C_LANGUAGE_STANDARD = gnu99;
				GCC_DYNAMIC_NO_PIC = NO;
				GCC_NO_COMMON_BLOCKS = YES;
				GCC_OPTIMIZATION_LEVEL = 0;
				GCC_PREPROCESSOR_DEFINITIONS = (
					"DEBUG=1",
					"$(inherited)",
				);
				GCC_SYMBOLS_PRIVATE_EXTERN = NO;
				GCC_WARN_64_TO_32_BIT_CONVERSION = YES;
				GCC_WARN_ABOUT_RETURN_TYPE = YES_ERROR;
				GCC_WARN_UNDECLARED_SELECTOR = YES;
				GCC_WARN_UNINITIALIZED_AUTOS = YES_AGGRESSIVE;
				GCC_WARN_UNUSED_FUNCTION = YES;
				GCC_WARN_UNUSED_VARIABLE = YES;
				IPHONEOS_DEPLOYMENT_TARGET = 8.4;
				MTL_ENABLE_DEBUG_INFO = YES;
				ONLY_ACTIVE_ARCH = YES;
				SDKROOT = iphoneos;
				SWIFT_OPTIMIZATION_LEVEL = "-Onone";
				TARGETED_DEVICE_FAMILY = "1,2";
			};
			name = Debug;
		};
		F22DACB01B81AC2B00360027 /* Release */ = {
			isa = XCBuildConfiguration;
			buildSettings = {
				ALWAYS_SEARCH_USER_PATHS = NO;
				CLANG_CXX_LANGUAGE_STANDARD = "gnu++0x";
				CLANG_CXX_LIBRARY = "libc++";
				CLANG_ENABLE_MODULES = YES;
				CLANG_ENABLE_OBJC_ARC = YES;
				CLANG_WARN_BOOL_CONVERSION = YES;
				CLANG_WARN_CONSTANT_CONVERSION = YES;
				CLANG_WARN_DIRECT_OBJC_ISA_USAGE = YES_ERROR;
				CLANG_WARN_EMPTY_BODY = YES;
				CLANG_WARN_ENUM_CONVERSION = YES;
				CLANG_WARN_INT_CONVERSION = YES;
				CLANG_WARN_OBJC_ROOT_CLASS = YES_ERROR;
				CLANG_WARN_UNREACHABLE_CODE = YES;
				CLANG_WARN__DUPLICATE_METHOD_MATCH = YES;
				"CODE_SIGN_IDENTITY[sdk=iphoneos*]" = "iPhone Developer";
				COPY_PHASE_STRIP = NO;
				DEBUG_INFORMATION_FORMAT = "dwarf-with-dsym";
				ENABLE_NS_ASSERTIONS = NO;
				ENABLE_STRICT_OBJC_MSGSEND = YES;
				GCC_C_LANGUAGE_STANDARD = gnu99;
				GCC_NO_COMMON_BLOCKS = YES;
				GCC_WARN_64_TO_32_BIT_CONVERSION = YES;
				GCC_WARN_ABOUT_RETURN_TYPE = YES_ERROR;
				GCC_WARN_UNDECLARED_SELECTOR = YES;
				GCC_WARN_UNINITIALIZED_AUTOS = YES_AGGRESSIVE;
				GCC_WARN_UNUSED_FUNCTION = YES;
				GCC_WARN_UNUSED_VARIABLE = YES;
				IPHONEOS_DEPLOYMENT_TARGET = 8.4;
				MTL_ENABLE_DEBUG_INFO = NO;
				SDKROOT = iphoneos;
				TARGETED_DEVICE_FAMILY = "1,2";
				VALIDATE_PRODUCT = YES;
			};
			name = Release;
		};
		F22DACB21B81AC2B00360027 /* Debug */ = {
			isa = XCBuildConfiguration;
			baseConfigurationReference = DE45D7382A8E48DDB5D149A0 /* Pods-AdvancedClassStudent.debug.xcconfig */;
			buildSettings = {
				ASSETCATALOG_COMPILER_APPICON_NAME = AppIcon;
				CLANG_ENABLE_MODULES = YES;
				CODE_SIGN_IDENTITY = "iPhone Developer";
				GCC_OPTIMIZATION_LEVEL = 0;
				INFOPLIST_FILE = AdvancedClassStudent/Info.plist;
				LD_RUNPATH_SEARCH_PATHS = "$(inherited) @executable_path/Frameworks";
				LLVM_LTO = NO;
				PRODUCT_BUNDLE_IDENTIFIER = "USTB.$(PRODUCT_NAME:rfc1034identifier)";
				PRODUCT_NAME = "$(TARGET_NAME)";
				SWIFT_OBJC_BRIDGING_HEADER = "AdvancedClassStudent/AdvancedClassStudent-Bridging-Header.h";
				SWIFT_OPTIMIZATION_LEVEL = "-Onone";
			};
			name = Debug;
		};
		F22DACB31B81AC2B00360027 /* Release */ = {
			isa = XCBuildConfiguration;
			baseConfigurationReference = BF1012EA78EEA9878580A400 /* Pods-AdvancedClassStudent.release.xcconfig */;
			buildSettings = {
				ASSETCATALOG_COMPILER_APPICON_NAME = AppIcon;
				CLANG_ENABLE_MODULES = YES;
				CODE_SIGN_IDENTITY = "iPhone Developer";
				GCC_OPTIMIZATION_LEVEL = 0;
				INFOPLIST_FILE = AdvancedClassStudent/Info.plist;
				LD_RUNPATH_SEARCH_PATHS = "$(inherited) @executable_path/Frameworks";
				LLVM_LTO = NO;
				PRODUCT_BUNDLE_IDENTIFIER = "USTB.$(PRODUCT_NAME:rfc1034identifier)";
				PRODUCT_NAME = "$(TARGET_NAME)";
				SWIFT_OBJC_BRIDGING_HEADER = "AdvancedClassStudent/AdvancedClassStudent-Bridging-Header.h";
				SWIFT_OPTIMIZATION_LEVEL = "-Onone";
			};
			name = Release;
		};
		F22DACB51B81AC2B00360027 /* Debug */ = {
			isa = XCBuildConfiguration;
			buildSettings = {
				BUNDLE_LOADER = "$(TEST_HOST)";
				FRAMEWORK_SEARCH_PATHS = (
					"$(SDKROOT)/Developer/Library/Frameworks",
					"$(inherited)",
				);
				GCC_PREPROCESSOR_DEFINITIONS = (
					"DEBUG=1",
					"$(inherited)",
				);
				INFOPLIST_FILE = AdvancedClassStudentTests/Info.plist;
				LD_RUNPATH_SEARCH_PATHS = "$(inherited) @executable_path/Frameworks @loader_path/Frameworks";
				PRODUCT_BUNDLE_IDENTIFIER = "USTB.$(PRODUCT_NAME:rfc1034identifier)";
				PRODUCT_NAME = "$(TARGET_NAME)";
				TEST_HOST = "$(BUILT_PRODUCTS_DIR)/AdvancedClassStudent.app/AdvancedClassStudent";
			};
			name = Debug;
		};
		F22DACB61B81AC2B00360027 /* Release */ = {
			isa = XCBuildConfiguration;
			buildSettings = {
				BUNDLE_LOADER = "$(TEST_HOST)";
				FRAMEWORK_SEARCH_PATHS = (
					"$(SDKROOT)/Developer/Library/Frameworks",
					"$(inherited)",
				);
				INFOPLIST_FILE = AdvancedClassStudentTests/Info.plist;
				LD_RUNPATH_SEARCH_PATHS = "$(inherited) @executable_path/Frameworks @loader_path/Frameworks";
				PRODUCT_BUNDLE_IDENTIFIER = "USTB.$(PRODUCT_NAME:rfc1034identifier)";
				PRODUCT_NAME = "$(TARGET_NAME)";
				TEST_HOST = "$(BUILT_PRODUCTS_DIR)/AdvancedClassStudent.app/AdvancedClassStudent";
			};
			name = Release;
		};
/* End XCBuildConfiguration section */

/* Begin XCConfigurationList section */
		F22DAC8D1B81AC2B00360027 /* Build configuration list for PBXProject "AdvancedClassStudent" */ = {
			isa = XCConfigurationList;
			buildConfigurations = (
				F22DACAF1B81AC2B00360027 /* Debug */,
				F22DACB01B81AC2B00360027 /* Release */,
			);
			defaultConfigurationIsVisible = 0;
			defaultConfigurationName = Release;
		};
		F22DACB11B81AC2B00360027 /* Build configuration list for PBXNativeTarget "AdvancedClassStudent" */ = {
			isa = XCConfigurationList;
			buildConfigurations = (
				F22DACB21B81AC2B00360027 /* Debug */,
				F22DACB31B81AC2B00360027 /* Release */,
			);
			defaultConfigurationIsVisible = 0;
			defaultConfigurationName = Release;
		};
		F22DACB41B81AC2B00360027 /* Build configuration list for PBXNativeTarget "AdvancedClassStudentTests" */ = {
			isa = XCConfigurationList;
			buildConfigurations = (
				F22DACB51B81AC2B00360027 /* Debug */,
				F22DACB61B81AC2B00360027 /* Release */,
			);
			defaultConfigurationIsVisible = 0;
			defaultConfigurationName = Release;
		};
/* End XCConfigurationList section */
	};
	rootObject = F22DAC8A1B81AC2B00360027 /* Project object */;
}
