// !$*UTF8*$!
{
	archiveVersion = 1;
	classes = {
	};
	objectVersion = 46;
	objects = {

/* Begin PBXBuildFile section */
		F253B27C1BC537C400AD0AE4 /* AppDelegate.swift in Sources */ = {isa = PBXBuildFile; fileRef = F253B27B1BC537C400AD0AE4 /* AppDelegate.swift */; };
		F253B27E1BC537C400AD0AE4 /* ViewController.swift in Sources */ = {isa = PBXBuildFile; fileRef = F253B27D1BC537C400AD0AE4 /* ViewController.swift */; };
		F253B2811BC537C400AD0AE4 /* Main.storyboard in Resources */ = {isa = PBXBuildFile; fileRef = F253B27F1BC537C400AD0AE4 /* Main.storyboard */; };
		F253B2831BC537C400AD0AE4 /* Assets.xcassets in Resources */ = {isa = PBXBuildFile; fileRef = F253B2821BC537C400AD0AE4 /* Assets.xcassets */; };
		F253B2861BC537C400AD0AE4 /* LaunchScreen.storyboard in Resources */ = {isa = PBXBuildFile; fileRef = F253B2841BC537C400AD0AE4 /* LaunchScreen.storyboard */; };
		F253B2911BC537C400AD0AE4 /* TestTests.swift in Sources */ = {isa = PBXBuildFile; fileRef = F253B2901BC537C400AD0AE4 /* TestTests.swift */; };
		F253B29C1BC537C400AD0AE4 /* TestUITests.swift in Sources */ = {isa = PBXBuildFile; fileRef = F253B29B1BC537C400AD0AE4 /* TestUITests.swift */; };
/* End PBXBuildFile section */

/* Begin PBXContainerItemProxy section */
		F253B28D1BC537C400AD0AE4 /* PBXContainerItemProxy */ = {
			isa = PBXContainerItemProxy;
			containerPortal = F253B2701BC537C300AD0AE4 /* Project object */;
			proxyType = 1;
			remoteGlobalIDString = F253B2771BC537C300AD0AE4;
			remoteInfo = Test;
		};
		F253B2981BC537C400AD0AE4 /* PBXContainerItemProxy */ = {
			isa = PBXContainerItemProxy;
			containerPortal = F253B2701BC537C300AD0AE4 /* Project object */;
			proxyType = 1;
			remoteGlobalIDString = F253B2771BC537C300AD0AE4;
			remoteInfo = Test;
		};
/* End PBXContainerItemProxy section */

/* Begin PBXFileReference section */
		F253B2781BC537C300AD0AE4 /* Test.app */ = {isa = PBXFileReference; explicitFileType = wrapper.application; includeInIndex = 0; path = Test.app; sourceTree = BUILT_PRODUCTS_DIR; };
		F253B27B1BC537C400AD0AE4 /* AppDelegate.swift */ = {isa = PBXFileReference; lastKnownFileType = sourcecode.swift; path = AppDelegate.swift; sourceTree = "<group>"; };
		F253B27D1BC537C400AD0AE4 /* ViewController.swift */ = {isa = PBXFileReference; lastKnownFileType = sourcecode.swift; path = ViewController.swift; sourceTree = "<group>"; };
		F253B2801BC537C400AD0AE4 /* Base */ = {isa = PBXFileReference; lastKnownFileType = file.storyboard; name = Base; path = Base.lproj/Main.storyboard; sourceTree = "<group>"; };
		F253B2821BC537C400AD0AE4 /* Assets.xcassets */ = {isa = PBXFileReference; lastKnownFileType = folder.assetcatalog; path = Assets.xcassets; sourceTree = "<group>"; };
		F253B2851BC537C400AD0AE4 /* Base */ = {isa = PBXFileReference; lastKnownFileType = file.storyboard; name = Base; path = Base.lproj/LaunchScreen.storyboard; sourceTree = "<group>"; };
		F253B2871BC537C400AD0AE4 /* Info.plist */ = {isa = PBXFileReference; lastKnownFileType = text.plist.xml; path = Info.plist; sourceTree = "<group>"; };
		F253B28C1BC537C400AD0AE4 /* TestTests.xctest */ = {isa = PBXFileReference; explicitFileType = wrapper.cfbundle; includeInIndex = 0; path = TestTests.xctest; sourceTree = BUILT_PRODUCTS_DIR; };
		F253B2901BC537C400AD0AE4 /* TestTests.swift */ = {isa = PBXFileReference; lastKnownFileType = sourcecode.swift; path = TestTests.swift; sourceTree = "<group>"; };
		F253B2921BC537C400AD0AE4 /* Info.plist */ = {isa = PBXFileReference; lastKnownFileType = text.plist.xml; path = Info.plist; sourceTree = "<group>"; };
		F253B2971BC537C400AD0AE4 /* TestUITests.xctest */ = {isa = PBXFileReference; explicitFileType = wrapper.cfbundle; includeInIndex = 0; path = TestUITests.xctest; sourceTree = BUILT_PRODUCTS_DIR; };
		F253B29B1BC537C400AD0AE4 /* TestUITests.swift */ = {isa = PBXFileReference; lastKnownFileType = sourcecode.swift; path = TestUITests.swift; sourceTree = "<group>"; };
		F253B29D1BC537C400AD0AE4 /* Info.plist */ = {isa = PBXFileReference; lastKnownFileType = text.plist.xml; path = Info.plist; sourceTree = "<group>"; };
/* End PBXFileReference section */

/* Begin PBXFrameworksBuildPhase section */
		F253B2751BC537C300AD0AE4 /* Frameworks */ = {
			isa = PBXFrameworksBuildPhase;
			buildActionMask = 2147483647;
			files = (
			);
			runOnlyForDeploymentPostprocessing = 0;
		};
		F253B2891BC537C400AD0AE4 /* Frameworks */ = {
			isa = PBXFrameworksBuildPhase;
			buildActionMask = 2147483647;
			files = (
			);
			runOnlyForDeploymentPostprocessing = 0;
		};
		F253B2941BC537C400AD0AE4 /* Frameworks */ = {
			isa = PBXFrameworksBuildPhase;
			buildActionMask = 2147483647;
			files = (
			);
			runOnlyForDeploymentPostprocessing = 0;
		};
/* End PBXFrameworksBuildPhase section */

/* Begin PBXGroup section */
		F253B26F1BC537C300AD0AE4 = {
			isa = PBXGroup;
			children = (
				F253B27A1BC537C400AD0AE4 /* Test */,
				F253B28F1BC537C400AD0AE4 /* TestTests */,
				F253B29A1BC537C400AD0AE4 /* TestUITests */,
				F253B2791BC537C300AD0AE4 /* Products */,
			);
			sourceTree = "<group>";
		};
		F253B2791BC537C300AD0AE4 /* Products */ = {
			isa = PBXGroup;
			children = (
				F253B2781BC537C300AD0AE4 /* Test.app */,
				F253B28C1BC537C400AD0AE4 /* TestTests.xctest */,
				F253B2971BC537C400AD0AE4 /* TestUITests.xctest */,
			);
			name = Products;
			sourceTree = "<group>";
		};
		F253B27A1BC537C400AD0AE4 /* Test */ = {
			isa = PBXGroup;
			children = (
				F253B27B1BC537C400AD0AE4 /* AppDelegate.swift */,
				F253B27D1BC537C400AD0AE4 /* ViewController.swift */,
				F253B27F1BC537C400AD0AE4 /* Main.storyboard */,
				F253B2821BC537C400AD0AE4 /* Assets.xcassets */,
				F253B2841BC537C400AD0AE4 /* LaunchScreen.storyboard */,
				F253B2871BC537C400AD0AE4 /* Info.plist */,
			);
			path = Test;
			sourceTree = "<group>";
		};
		F253B28F1BC537C400AD0AE4 /* TestTests */ = {
			isa = PBXGroup;
			children = (
				F253B2901BC537C400AD0AE4 /* TestTests.swift */,
				F253B2921BC537C400AD0AE4 /* Info.plist */,
			);
			path = TestTests;
			sourceTree = "<group>";
		};
		F253B29A1BC537C400AD0AE4 /* TestUITests */ = {
			isa = PBXGroup;
			children = (
				F253B29B1BC537C400AD0AE4 /* TestUITests.swift */,
				F253B29D1BC537C400AD0AE4 /* Info.plist */,
			);
			path = TestUITests;
			sourceTree = "<group>";
		};
/* End PBXGroup section */

/* Begin PBXNativeTarget section */
		F253B2771BC537C300AD0AE4 /* Test */ = {
			isa = PBXNativeTarget;
			buildConfigurationList = F253B2A01BC537C400AD0AE4 /* Build configuration list for PBXNativeTarget "Test" */;
			buildPhases = (
				F253B2741BC537C300AD0AE4 /* Sources */,
				F253B2751BC537C300AD0AE4 /* Frameworks */,
				F253B2761BC537C300AD0AE4 /* Resources */,
			);
			buildRules = (
			);
			dependencies = (
			);
			name = Test;
			productName = Test;
			productReference = F253B2781BC537C300AD0AE4 /* Test.app */;
			productType = "com.apple.product-type.application";
		};
		F253B28B1BC537C400AD0AE4 /* TestTests */ = {
			isa = PBXNativeTarget;
			buildConfigurationList = F253B2A31BC537C400AD0AE4 /* Build configuration list for PBXNativeTarget "TestTests" */;
			buildPhases = (
				F253B2881BC537C400AD0AE4 /* Sources */,
				F253B2891BC537C400AD0AE4 /* Frameworks */,
				F253B28A1BC537C400AD0AE4 /* Resources */,
			);
			buildRules = (
			);
			dependencies = (
				F253B28E1BC537C400AD0AE4 /* PBXTargetDependency */,
			);
			name = TestTests;
			productName = TestTests;
			productReference = F253B28C1BC537C400AD0AE4 /* TestTests.xctest */;
			productType = "com.apple.product-type.bundle.unit-test";
		};
		F253B2961BC537C400AD0AE4 /* TestUITests */ = {
			isa = PBXNativeTarget;
			buildConfigurationList = F253B2A61BC537C400AD0AE4 /* Build configuration list for PBXNativeTarget "TestUITests" */;
			buildPhases = (
				F253B2931BC537C400AD0AE4 /* Sources */,
				F253B2941BC537C400AD0AE4 /* Frameworks */,
				F253B2951BC537C400AD0AE4 /* Resources */,
			);
			buildRules = (
			);
			dependencies = (
				F253B2991BC537C400AD0AE4 /* PBXTargetDependency */,
			);
			name = TestUITests;
			productName = TestUITests;
			productReference = F253B2971BC537C400AD0AE4 /* TestUITests.xctest */;
			productType = "com.apple.product-type.bundle.ui-testing";
		};
/* End PBXNativeTarget section */

/* Begin PBXProject section */
		F253B2701BC537C300AD0AE4 /* Project object */ = {
			isa = PBXProject;
			attributes = {
				LastUpgradeCheck = 0700;
				ORGANIZATIONNAME = Harold;
				TargetAttributes = {
					F253B2771BC537C300AD0AE4 = {
						CreatedOnToolsVersion = 7.0;
						DevelopmentTeam = G939QJ6E49;
					};
					F253B28B1BC537C400AD0AE4 = {
						CreatedOnToolsVersion = 7.0;
						DevelopmentTeam = G939QJ6E49;
						TestTargetID = F253B2771BC537C300AD0AE4;
					};
					F253B2961BC537C400AD0AE4 = {
						CreatedOnToolsVersion = 7.0;
						DevelopmentTeam = G939QJ6E49;
						TestTargetID = F253B2771BC537C300AD0AE4;
					};
				};
			};
			buildConfigurationList = F253B2731BC537C300AD0AE4 /* Build configuration list for PBXProject "Test" */;
			compatibilityVersion = "Xcode 3.2";
			developmentRegion = English;
			hasScannedForEncodings = 0;
			knownRegions = (
				en,
				Base,
			);
			mainGroup = F253B26F1BC537C300AD0AE4;
			productRefGroup = F253B2791BC537C300AD0AE4 /* Products */;
			projectDirPath = "";
			projectRoot = "";
			targets = (
				F253B2771BC537C300AD0AE4 /* Test */,
				F253B28B1BC537C400AD0AE4 /* TestTests */,
				F253B2961BC537C400AD0AE4 /* TestUITests */,
			);
		};
/* End PBXProject section */

/* Begin PBXResourcesBuildPhase section */
		F253B2761BC537C300AD0AE4 /* Resources */ = {
			isa = PBXResourcesBuildPhase;
			buildActionMask = 2147483647;
			files = (
				F253B2861BC537C400AD0AE4 /* LaunchScreen.storyboard in Resources */,
				F253B2831BC537C400AD0AE4 /* Assets.xcassets in Resources */,
				F253B2811BC537C400AD0AE4 /* Main.storyboard in Resources */,
			);
			runOnlyForDeploymentPostprocessing = 0;
		};
		F253B28A1BC537C400AD0AE4 /* Resources */ = {
			isa = PBXResourcesBuildPhase;
			buildActionMask = 2147483647;
			files = (
			);
			runOnlyForDeploymentPostprocessing = 0;
		};
		F253B2951BC537C400AD0AE4 /* Resources */ = {
			isa = PBXResourcesBuildPhase;
			buildActionMask = 2147483647;
			files = (
			);
			runOnlyForDeploymentPostprocessing = 0;
		};
/* End PBXResourcesBuildPhase section */

/* Begin PBXSourcesBuildPhase section */
		F253B2741BC537C300AD0AE4 /* Sources */ = {
			isa = PBXSourcesBuildPhase;
			buildActionMask = 2147483647;
			files = (
				F253B27E1BC537C400AD0AE4 /* ViewController.swift in Sources */,
				F253B27C1BC537C400AD0AE4 /* AppDelegate.swift in Sources */,
			);
			runOnlyForDeploymentPostprocessing = 0;
		};
		F253B2881BC537C400AD0AE4 /* Sources */ = {
			isa = PBXSourcesBuildPhase;
			buildActionMask = 2147483647;
			files = (
				F253B2911BC537C400AD0AE4 /* TestTests.swift in Sources */,
			);
			runOnlyForDeploymentPostprocessing = 0;
		};
		F253B2931BC537C400AD0AE4 /* Sources */ = {
			isa = PBXSourcesBuildPhase;
			buildActionMask = 2147483647;
			files = (
				F253B29C1BC537C400AD0AE4 /* TestUITests.swift in Sources */,
			);
			runOnlyForDeploymentPostprocessing = 0;
		};
/* End PBXSourcesBuildPhase section */

/* Begin PBXTargetDependency section */
		F253B28E1BC537C400AD0AE4 /* PBXTargetDependency */ = {
			isa = PBXTargetDependency;
			target = F253B2771BC537C300AD0AE4 /* Test */;
			targetProxy = F253B28D1BC537C400AD0AE4 /* PBXContainerItemProxy */;
		};
		F253B2991BC537C400AD0AE4 /* PBXTargetDependency */ = {
			isa = PBXTargetDependency;
			target = F253B2771BC537C300AD0AE4 /* Test */;
			targetProxy = F253B2981BC537C400AD0AE4 /* PBXContainerItemProxy */;
		};
/* End PBXTargetDependency section */

/* Begin PBXVariantGroup section */
		F253B27F1BC537C400AD0AE4 /* Main.storyboard */ = {
			isa = PBXVariantGroup;
			children = (
				F253B2801BC537C400AD0AE4 /* Base */,
			);
			name = Main.storyboard;
			sourceTree = "<group>";
		};
		F253B2841BC537C400AD0AE4 /* LaunchScreen.storyboard */ = {
			isa = PBXVariantGroup;
			children = (
				F253B2851BC537C400AD0AE4 /* Base */,
			);
			name = LaunchScreen.storyboard;
			sourceTree = "<group>";
		};
/* End PBXVariantGroup section */

/* Begin XCBuildConfiguration section */
		F253B29E1BC537C400AD0AE4 /* Debug */ = {
			isa = XCBuildConfiguration;
			buildSettings = {
				ALWAYS_SEARCH_USER_PATHS = NO;
				CLANG_CXX_LANGUAGE_STANDARD = "gnu++0x";
				CLANG_CXX_LIBRARY = "libc++";
				CLANG_ENABLE_MODULES = YES;
				CLANG_ENABLE_OBJC_ARC = YES;
				CLANG_WARN_BOOL_CONVERSION = YES;
				CLANG_WARN_CONSTANT_CONVERSION = YES;
				CLANG_WARN_DIRECT_OBJC_ISA_USAGE = YES_ERROR;
				CLANG_WARN_EMPTY_BODY = YES;
				CLANG_WARN_ENUM_CONVERSION = YES;
				CLANG_WARN_INT_CONVERSION = YES;
				CLANG_WARN_OBJC_ROOT_CLASS = YES_ERROR;
				CLANG_WARN_UNREACHABLE_CODE = YES;
				CLANG_WARN__DUPLICATE_METHOD_MATCH = YES;
				"CODE_SIGN_IDENTITY[sdk=iphoneos*]" = "iPhone Developer";
				COPY_PHASE_STRIP = NO;
				DEBUG_INFORMATION_FORMAT = dwarf;
				ENABLE_STRICT_OBJC_MSGSEND = YES;
				ENABLE_TESTABILITY = YES;
				GCC_C_LANGUAGE_STANDARD = gnu99;
				GCC_DYNAMIC_NO_PIC = NO;
				GCC_NO_COMMON_BLOCKS = YES;
				GCC_OPTIMIZATION_LEVEL = 0;
				GCC_PREPROCESSOR_DEFINITIONS = (
					"DEBUG=1",
					"$(inherited)",
				);
				GCC_WARN_64_TO_32_BIT_CONVERSION = YES;
				GCC_WARN_ABOUT_RETURN_TYPE = YES_ERROR;
				GCC_WARN_UNDECLARED_SELECTOR = YES;
				GCC_WARN_UNINITIALIZED_AUTOS = YES_AGGRESSIVE;
				GCC_WARN_UNUSED_FUNCTION = YES;
				GCC_WARN_UNUSED_VARIABLE = YES;
				IPHONEOS_DEPLOYMENT_TARGET = 9.0;
				MTL_ENABLE_DEBUG_INFO = YES;
				ONLY_ACTIVE_ARCH = YES;
				SDKROOT = iphoneos;
				SWIFT_OPTIMIZATION_LEVEL = "-Onone";
				TARGETED_DEVICE_FAMILY = "1,2";
			};
			name = Debug;
		};
		F253B29F1BC537C400AD0AE4 /* Release */ = {
			isa = XCBuildConfiguration;
			buildSettings = {
				ALWAYS_SEARCH_USER_PATHS = NO;
				CLANG_CXX_LANGUAGE_STANDARD = "gnu++0x";
				CLANG_CXX_LIBRARY = "libc++";
				CLANG_ENABLE_MODULES = YES;
				CLANG_ENABLE_OBJC_ARC = YES;
				CLANG_WARN_BOOL_CONVERSION = YES;
				CLANG_WARN_CONSTANT_CONVERSION = YES;
				CLANG_WARN_DIRECT_OBJC_ISA_USAGE = YES_ERROR;
				CLANG_WARN_EMPTY_BODY = YES;
				CLANG_WARN_ENUM_CONVERSION = YES;
				CLANG_WARN_INT_CONVERSION = YES;
				CLANG_WARN_OBJC_ROOT_CLASS = YES_ERROR;
				CLANG_WARN_UNREACHABLE_CODE = YES;
				CLANG_WARN__DUPLICATE_METHOD_MATCH = YES;
				"CODE_SIGN_IDENTITY[sdk=iphoneos*]" = "iPhone Developer";
				COPY_PHASE_STRIP = NO;
				DEBUG_INFORMATION_FORMAT = "dwarf-with-dsym";
				ENABLE_NS_ASSERTIONS = NO;
				ENABLE_STRICT_OBJC_MSGSEND = YES;
				GCC_C_LANGUAGE_STANDARD = gnu99;
				GCC_NO_COMMON_BLOCKS = YES;
				GCC_WARN_64_TO_32_BIT_CONVERSION = YES;
				GCC_WARN_ABOUT_RETURN_TYPE = YES_ERROR;
				GCC_WARN_UNDECLARED_SELECTOR = YES;
				GCC_WARN_UNINITIALIZED_AUTOS = YES_AGGRESSIVE;
				GCC_WARN_UNUSED_FUNCTION = YES;
				GCC_WARN_UNUSED_VARIABLE = YES;
				IPHONEOS_DEPLOYMENT_TARGET = 9.0;
				MTL_ENABLE_DEBUG_INFO = NO;
				SDKROOT = iphoneos;
				TARGETED_DEVICE_FAMILY = "1,2";
				VALIDATE_PRODUCT = YES;
			};
			name = Release;
		};
		F253B2A11BC537C400AD0AE4 /* Debug */ = {
			isa = XCBuildConfiguration;
			buildSettings = {
				ASSETCATALOG_COMPILER_APPICON_NAME = AppIcon;
				INFOPLIST_FILE = Test/Info.plist;
				LD_RUNPATH_SEARCH_PATHS = "$(inherited) @executable_path/Frameworks";
				PRODUCT_BUNDLE_IDENTIFIER = USTB.Test;
				PRODUCT_NAME = "$(TARGET_NAME)";
			};
			name = Debug;
		};
		F253B2A21BC537C400AD0AE4 /* Release */ = {
			isa = XCBuildConfiguration;
			buildSettings = {
				ASSETCATALOG_COMPILER_APPICON_NAME = AppIcon;
				INFOPLIST_FILE = Test/Info.plist;
				LD_RUNPATH_SEARCH_PATHS = "$(inherited) @executable_path/Frameworks";
				PRODUCT_BUNDLE_IDENTIFIER = USTB.Test;
				PRODUCT_NAME = "$(TARGET_NAME)";
			};
			name = Release;
		};
		F253B2A41BC537C400AD0AE4 /* Debug */ = {
			isa = XCBuildConfiguration;
			buildSettings = {
				BUNDLE_LOADER = "$(TEST_HOST)";
				INFOPLIST_FILE = TestTests/Info.plist;
				LD_RUNPATH_SEARCH_PATHS = "$(inherited) @executable_path/Frameworks @loader_path/Frameworks";
				PRODUCT_BUNDLE_IDENTIFIER = USTB.TestTests;
				PRODUCT_NAME = "$(TARGET_NAME)";
				TEST_HOST = "$(BUILT_PRODUCTS_DIR)/Test.app/Test";
			};
			name = Debug;
		};
		F253B2A51BC537C400AD0AE4 /* Release */ = {
			isa = XCBuildConfiguration;
			buildSettings = {
				BUNDLE_LOADER = "$(TEST_HOST)";
				INFOPLIST_FILE = TestTests/Info.plist;
				LD_RUNPATH_SEARCH_PATHS = "$(inherited) @executable_path/Frameworks @loader_path/Frameworks";
				PRODUCT_BUNDLE_IDENTIFIER = USTB.TestTests;
				PRODUCT_NAME = "$(TARGET_NAME)";
				TEST_HOST = "$(BUILT_PRODUCTS_DIR)/Test.app/Test";
			};
			name = Release;
		};
		F253B2A71BC537C400AD0AE4 /* Debug */ = {
			isa = XCBuildConfiguration;
			buildSettings = {
				INFOPLIST_FILE = TestUITests/Info.plist;
				LD_RUNPATH_SEARCH_PATHS = "$(inherited) @executable_path/Frameworks @loader_path/Frameworks";
				PRODUCT_BUNDLE_IDENTIFIER = USTB.TestUITests;
				PRODUCT_NAME = "$(TARGET_NAME)";
				TEST_TARGET_NAME = Test;
				USES_XCTRUNNER = YES;
			};
			name = Debug;
		};
		F253B2A81BC537C400AD0AE4 /* Release */ = {
			isa = XCBuildConfiguration;
			buildSettings = {
				INFOPLIST_FILE = TestUITests/Info.plist;
				LD_RUNPATH_SEARCH_PATHS = "$(inherited) @executable_path/Frameworks @loader_path/Frameworks";
				PRODUCT_BUNDLE_IDENTIFIER = USTB.TestUITests;
				PRODUCT_NAME = "$(TARGET_NAME)";
				TEST_TARGET_NAME = Test;
				USES_XCTRUNNER = YES;
			};
			name = Release;
		};
/* End XCBuildConfiguration section */

/* Begin XCConfigurationList section */
		F253B2731BC537C300AD0AE4 /* Build configuration list for PBXProject "Test" */ = {
			isa = XCConfigurationList;
			buildConfigurations = (
				F253B29E1BC537C400AD0AE4 /* Debug */,
				F253B29F1BC537C400AD0AE4 /* Release */,
			);
			defaultConfigurationIsVisible = 0;
			defaultConfigurationName = Release;
		};
		F253B2A01BC537C400AD0AE4 /* Build configuration list for PBXNativeTarget "Test" */ = {
			isa = XCConfigurationList;
			buildConfigurations = (
				F253B2A11BC537C400AD0AE4 /* Debug */,
				F253B2A21BC537C400AD0AE4 /* Release */,
			);
			defaultConfigurationIsVisible = 0;
		};
		F253B2A31BC537C400AD0AE4 /* Build configuration list for PBXNativeTarget "TestTests" */ = {
			isa = XCConfigurationList;
			buildConfigurations = (
				F253B2A41BC537C400AD0AE4 /* Debug */,
				F253B2A51BC537C400AD0AE4 /* Release */,
			);
			defaultConfigurationIsVisible = 0;
		};
		F253B2A61BC537C400AD0AE4 /* Build configuration list for PBXNativeTarget "TestUITests" */ = {
			isa = XCConfigurationList;
			buildConfigurations = (
				F253B2A71BC537C400AD0AE4 /* Debug */,
				F253B2A81BC537C400AD0AE4 /* Release */,
			);
			defaultConfigurationIsVisible = 0;
		};
/* End XCConfigurationList section */
	};
	rootObject = F253B2701BC537C300AD0AE4 /* Project object */;
}
